
Microsoft Visual Studio Solution File, Format Version 12.00
# Visual Studio 2013
VisualStudioVersion = 12.0.31101.0
MinimumVisualStudioVersion = 10.0.40219.1
Project("{8BC9CEB8-8B4A-11D0-8D11-00A0C91BC942}") = "songtaste", "songtaste\songtaste.vcxproj", "{418E4D66-0F8F-40CC-9AC5-7B01DF520CF9}"
EndProject
Project("{8BC9CEB8-8B4A-11D0-8D11-00A0C91BC942}") = "fetch", "fetch\fetch.vcxproj", "{0465B4B2-752B-432F-BE5C-30C666FA399E}"
EndProject
Project("{8BC9CEB8-8B4A-11D0-8D11-00A0C91BC942}") = "libcurl", "libs\curl-7.39.0\projects\Windows\VC12\lib\libcurl.vcxproj", "{DA6F56B4-06A4-441D-AD70-AC5A7D51FADB}"
EndProject
Project("{8BC9CEB8-8B4A-11D0-8D11-00A0C91BC942}") = "lib_json", "libs\jsoncpp-0.7.0\makefiles\msvc2010\lib_json.vcxproj", "{1E6C2C1C-6453-4129-AE3F-0EE8E6599C89}"
EndProject
Project("{8BC9CEB8-8B4A-11D0-8D11-00A0C91BC942}") = "avhttp", "libs\avhttp-2.9.9\avhttp.vcxproj", "{A7156722-2897-4EEA-B38F-5D398DEBB265}"
EndProject
Project("{8BC9CEB8-8B4A-11D0-8D11-00A0C91BC942}") = "test", "test\test.vcxproj", "{E7651200-F926-4AE6-BA32-01C617DB5FFA}"
EndProject
Project("{8BC9CEB8-8B4A-11D0-8D11-00A0C91BC942}") = "list", "list\list.vcxproj", "{CB1C5AF2-71E4-4DD9-8538-69EC58778869}"
EndProject
Project("{2150E333-8FDC-42A3-9474-1A3956D46DE8}") = "Main", "Main", "{3D0306E3-BA45-4CB0-B6DC-97E3400BD5D1}"
EndProject
Project("{2150E333-8FDC-42A3-9474-1A3956D46DE8}") = "Library", "Library", "{4B82FF15-285F-4E43-8FCE-9EA4181D10F1}"
EndProject
Global
	GlobalSection(SolutionConfigurationPlatforms) = preSolution
		Debug|Win32 = Debug|Win32
		Debug|x64 = Debug|x64
		DLL Debug - DLL OpenSSL - DLL LibSSH2|Win32 = DLL Debug - DLL OpenSSL - DLL LibSSH2|Win32
		DLL Debug - DLL OpenSSL - DLL LibSSH2|x64 = DLL Debug - DLL OpenSSL - DLL LibSSH2|x64
		DLL Debug - DLL OpenSSL|Win32 = DLL Debug - DLL OpenSSL|Win32
		DLL Debug - DLL OpenSSL|x64 = DLL Debug - DLL OpenSSL|x64
		DLL Debug - DLL Windows SSPI - DLL WinIDN|Win32 = DLL Debug - DLL Windows SSPI - DLL WinIDN|Win32
		DLL Debug - DLL Windows SSPI - DLL WinIDN|x64 = DLL Debug - DLL Windows SSPI - DLL WinIDN|x64
		DLL Debug - DLL Windows SSPI|Win32 = DLL Debug - DLL Windows SSPI|Win32
		DLL Debug - DLL Windows SSPI|x64 = DLL Debug - DLL Windows SSPI|x64
		DLL Debug|Win32 = DLL Debug|Win32
		DLL Debug|x64 = DLL Debug|x64
		DLL Release - DLL OpenSSL - DLL LibSSH2|Win32 = DLL Release - DLL OpenSSL - DLL LibSSH2|Win32
		DLL Release - DLL OpenSSL - DLL LibSSH2|x64 = DLL Release - DLL OpenSSL - DLL LibSSH2|x64
		DLL Release - DLL OpenSSL|Win32 = DLL Release - DLL OpenSSL|Win32
		DLL Release - DLL OpenSSL|x64 = DLL Release - DLL OpenSSL|x64
		DLL Release - DLL Windows SSPI - DLL WinIDN|Win32 = DLL Release - DLL Windows SSPI - DLL WinIDN|Win32
		DLL Release - DLL Windows SSPI - DLL WinIDN|x64 = DLL Release - DLL Windows SSPI - DLL WinIDN|x64
		DLL Release - DLL Windows SSPI|Win32 = DLL Release - DLL Windows SSPI|Win32
		DLL Release - DLL Windows SSPI|x64 = DLL Release - DLL Windows SSPI|x64
		DLL Release|Win32 = DLL Release|Win32
		DLL Release|x64 = DLL Release|x64
		LIB Debug - DLL OpenSSL - DLL LibSSH2|Win32 = LIB Debug - DLL OpenSSL - DLL LibSSH2|Win32
		LIB Debug - DLL OpenSSL - DLL LibSSH2|x64 = LIB Debug - DLL OpenSSL - DLL LibSSH2|x64
		LIB Debug - DLL OpenSSL|Win32 = LIB Debug - DLL OpenSSL|Win32
		LIB Debug - DLL OpenSSL|x64 = LIB Debug - DLL OpenSSL|x64
		LIB Debug - DLL Windows SSPI - DLL WinIDN|Win32 = LIB Debug - DLL Windows SSPI - DLL WinIDN|Win32
		LIB Debug - DLL Windows SSPI - DLL WinIDN|x64 = LIB Debug - DLL Windows SSPI - DLL WinIDN|x64
		LIB Debug - DLL Windows SSPI|Win32 = LIB Debug - DLL Windows SSPI|Win32
		LIB Debug - DLL Windows SSPI|x64 = LIB Debug - DLL Windows SSPI|x64
		LIB Debug - LIB OpenSSL - LIB LibSSH2|Win32 = LIB Debug - LIB OpenSSL - LIB LibSSH2|Win32
		LIB Debug - LIB OpenSSL - LIB LibSSH2|x64 = LIB Debug - LIB OpenSSL - LIB LibSSH2|x64
		LIB Debug - LIB OpenSSL|Win32 = LIB Debug - LIB OpenSSL|Win32
		LIB Debug - LIB OpenSSL|x64 = LIB Debug - LIB OpenSSL|x64
		LIB Debug|Win32 = LIB Debug|Win32
		LIB Debug|x64 = LIB Debug|x64
		LIB Release - DLL OpenSSL - DLL LibSSH2|Win32 = LIB Release - DLL OpenSSL - DLL LibSSH2|Win32
		LIB Release - DLL OpenSSL - DLL LibSSH2|x64 = LIB Release - DLL OpenSSL - DLL LibSSH2|x64
		LIB Release - DLL OpenSSL|Win32 = LIB Release - DLL OpenSSL|Win32
		LIB Release - DLL OpenSSL|x64 = LIB Release - DLL OpenSSL|x64
		LIB Release - DLL Windows SSPI - DLL WinIDN|Win32 = LIB Release - DLL Windows SSPI - DLL WinIDN|Win32
		LIB Release - DLL Windows SSPI - DLL WinIDN|x64 = LIB Release - DLL Windows SSPI - DLL WinIDN|x64
		LIB Release - DLL Windows SSPI|Win32 = LIB Release - DLL Windows SSPI|Win32
		LIB Release - DLL Windows SSPI|x64 = LIB Release - DLL Windows SSPI|x64
		LIB Release - LIB OpenSSL - LIB LibSSH2|Win32 = LIB Release - LIB OpenSSL - LIB LibSSH2|Win32
		LIB Release - LIB OpenSSL - LIB LibSSH2|x64 = LIB Release - LIB OpenSSL - LIB LibSSH2|x64
		LIB Release - LIB OpenSSL|Win32 = LIB Release - LIB OpenSSL|Win32
		LIB Release - LIB OpenSSL|x64 = LIB Release - LIB OpenSSL|x64
		LIB Release|Win32 = LIB Release|Win32
		LIB Release|x64 = LIB Release|x64
		Release|Win32 = Release|Win32
		Release|x64 = Release|x64
	EndGlobalSection
	GlobalSection(ProjectConfigurationPlatforms) = postSolution
		{418E4D66-0F8F-40CC-9AC5-7B01DF520CF9}.Debug|Win32.ActiveCfg = Debug|Win32
		{418E4D66-0F8F-40CC-9AC5-7B01DF520CF9}.Debug|Win32.Build.0 = Debug|Win32
		{418E4D66-0F8F-40CC-9AC5-7B01DF520CF9}.Debug|x64.ActiveCfg = Debug|Win32
		{418E4D66-0F8F-40CC-9AC5-7B01DF520CF9}.DLL Debug - DLL OpenSSL - DLL LibSSH2|Win32.ActiveCfg = Debug|Win32
		{418E4D66-0F8F-40CC-9AC5-7B01DF520CF9}.DLL Debug - DLL OpenSSL - DLL LibSSH2|Win32.Build.0 = Debug|Win32
		{418E4D66-0F8F-40CC-9AC5-7B01DF520CF9}.DLL Debug - DLL OpenSSL - DLL LibSSH2|x64.ActiveCfg = Debug|Win32
		{418E4D66-0F8F-40CC-9AC5-7B01DF520CF9}.DLL Debug - DLL OpenSSL|Win32.ActiveCfg = Debug|Win32
		{418E4D66-0F8F-40CC-9AC5-7B01DF520CF9}.DLL Debug - DLL OpenSSL|Win32.Build.0 = Debug|Win32
		{418E4D66-0F8F-40CC-9AC5-7B01DF520CF9}.DLL Debug - DLL OpenSSL|x64.ActiveCfg = Debug|Win32
		{418E4D66-0F8F-40CC-9AC5-7B01DF520CF9}.DLL Debug - DLL Windows SSPI - DLL WinIDN|Win32.ActiveCfg = Debug|Win32
		{418E4D66-0F8F-40CC-9AC5-7B01DF520CF9}.DLL Debug - DLL Windows SSPI - DLL WinIDN|Win32.Build.0 = Debug|Win32
		{418E4D66-0F8F-40CC-9AC5-7B01DF520CF9}.DLL Debug - DLL Windows SSPI - DLL WinIDN|x64.ActiveCfg = Debug|Win32
		{418E4D66-0F8F-40CC-9AC5-7B01DF520CF9}.DLL Debug - DLL Windows SSPI|Win32.ActiveCfg = Debug|Win32
		{418E4D66-0F8F-40CC-9AC5-7B01DF520CF9}.DLL Debug - DLL Windows SSPI|Win32.Build.0 = Debug|Win32
		{418E4D66-0F8F-40CC-9AC5-7B01DF520CF9}.DLL Debug - DLL Windows SSPI|x64.ActiveCfg = Debug|Win32
		{418E4D66-0F8F-40CC-9AC5-7B01DF520CF9}.DLL Debug|Win32.ActiveCfg = Debug|Win32
		{418E4D66-0F8F-40CC-9AC5-7B01DF520CF9}.DLL Debug|Win32.Build.0 = Debug|Win32
		{418E4D66-0F8F-40CC-9AC5-7B01DF520CF9}.DLL Debug|x64.ActiveCfg = Debug|Win32
		{418E4D66-0F8F-40CC-9AC5-7B01DF520CF9}.DLL Release - DLL OpenSSL - DLL LibSSH2|Win32.ActiveCfg = Release|Win32
		{418E4D66-0F8F-40CC-9AC5-7B01DF520CF9}.DLL Release - DLL OpenSSL - DLL LibSSH2|Win32.Build.0 = Release|Win32
		{418E4D66-0F8F-40CC-9AC5-7B01DF520CF9}.DLL Release - DLL OpenSSL - DLL LibSSH2|x64.ActiveCfg = Release|Win32
		{418E4D66-0F8F-40CC-9AC5-7B01DF520CF9}.DLL Release - DLL OpenSSL|Win32.ActiveCfg = Release|Win32
		{418E4D66-0F8F-40CC-9AC5-7B01DF520CF9}.DLL Release - DLL OpenSSL|Win32.Build.0 = Release|Win32
		{418E4D66-0F8F-40CC-9AC5-7B01DF520CF9}.DLL Release - DLL OpenSSL|x64.ActiveCfg = Release|Win32
		{418E4D66-0F8F-40CC-9AC5-7B01DF520CF9}.DLL Release - DLL Windows SSPI - DLL WinIDN|Win32.ActiveCfg = Release|Win32
		{418E4D66-0F8F-40CC-9AC5-7B01DF520CF9}.DLL Release - DLL Windows SSPI - DLL WinIDN|Win32.Build.0 = Release|Win32
		{418E4D66-0F8F-40CC-9AC5-7B01DF520CF9}.DLL Release - DLL Windows SSPI - DLL WinIDN|x64.ActiveCfg = Release|Win32
		{418E4D66-0F8F-40CC-9AC5-7B01DF520CF9}.DLL Release - DLL Windows SSPI|Win32.ActiveCfg = Release|Win32
		{418E4D66-0F8F-40CC-9AC5-7B01DF520CF9}.DLL Release - DLL Windows SSPI|Win32.Build.0 = Release|Win32
		{418E4D66-0F8F-40CC-9AC5-7B01DF520CF9}.DLL Release - DLL Windows SSPI|x64.ActiveCfg = Release|Win32
		{418E4D66-0F8F-40CC-9AC5-7B01DF520CF9}.DLL Release|Win32.ActiveCfg = Release|Win32
		{418E4D66-0F8F-40CC-9AC5-7B01DF520CF9}.DLL Release|Win32.Build.0 = Release|Win32
		{418E4D66-0F8F-40CC-9AC5-7B01DF520CF9}.DLL Release|x64.ActiveCfg = Release|Win32
		{418E4D66-0F8F-40CC-9AC5-7B01DF520CF9}.LIB Debug - DLL OpenSSL - DLL LibSSH2|Win32.ActiveCfg = Debug|Win32
		{418E4D66-0F8F-40CC-9AC5-7B01DF520CF9}.LIB Debug - DLL OpenSSL - DLL LibSSH2|Win32.Build.0 = Debug|Win32
		{418E4D66-0F8F-40CC-9AC5-7B01DF520CF9}.LIB Debug - DLL OpenSSL - DLL LibSSH2|x64.ActiveCfg = Debug|Win32
		{418E4D66-0F8F-40CC-9AC5-7B01DF520CF9}.LIB Debug - DLL OpenSSL|Win32.ActiveCfg = Debug|Win32
		{418E4D66-0F8F-40CC-9AC5-7B01DF520CF9}.LIB Debug - DLL OpenSSL|Win32.Build.0 = Debug|Win32
		{418E4D66-0F8F-40CC-9AC5-7B01DF520CF9}.LIB Debug - DLL OpenSSL|x64.ActiveCfg = Debug|Win32
		{418E4D66-0F8F-40CC-9AC5-7B01DF520CF9}.LIB Debug - DLL Windows SSPI - DLL WinIDN|Win32.ActiveCfg = Debug|Win32
		{418E4D66-0F8F-40CC-9AC5-7B01DF520CF9}.LIB Debug - DLL Windows SSPI - DLL WinIDN|Win32.Build.0 = Debug|Win32
		{418E4D66-0F8F-40CC-9AC5-7B01DF520CF9}.LIB Debug - DLL Windows SSPI - DLL WinIDN|x64.ActiveCfg = Debug|Win32
		{418E4D66-0F8F-40CC-9AC5-7B01DF520CF9}.LIB Debug - DLL Windows SSPI|Win32.ActiveCfg = Debug|Win32
		{418E4D66-0F8F-40CC-9AC5-7B01DF520CF9}.LIB Debug - DLL Windows SSPI|Win32.Build.0 = Debug|Win32
		{418E4D66-0F8F-40CC-9AC5-7B01DF520CF9}.LIB Debug - DLL Windows SSPI|x64.ActiveCfg = Debug|Win32
		{418E4D66-0F8F-40CC-9AC5-7B01DF520CF9}.LIB Debug - LIB OpenSSL - LIB LibSSH2|Win32.ActiveCfg = Debug|Win32
		{418E4D66-0F8F-40CC-9AC5-7B01DF520CF9}.LIB Debug - LIB OpenSSL - LIB LibSSH2|Win32.Build.0 = Debug|Win32
		{418E4D66-0F8F-40CC-9AC5-7B01DF520CF9}.LIB Debug - LIB OpenSSL - LIB LibSSH2|x64.ActiveCfg = Debug|Win32
		{418E4D66-0F8F-40CC-9AC5-7B01DF520CF9}.LIB Debug - LIB OpenSSL|Win32.ActiveCfg = Debug|Win32
		{418E4D66-0F8F-40CC-9AC5-7B01DF520CF9}.LIB Debug - LIB OpenSSL|Win32.Build.0 = Debug|Win32
		{418E4D66-0F8F-40CC-9AC5-7B01DF520CF9}.LIB Debug - LIB OpenSSL|x64.ActiveCfg = Debug|Win32
		{418E4D66-0F8F-40CC-9AC5-7B01DF520CF9}.LIB Debug|Win32.ActiveCfg = Debug|Win32
		{418E4D66-0F8F-40CC-9AC5-7B01DF520CF9}.LIB Debug|Win32.Build.0 = Debug|Win32
		{418E4D66-0F8F-40CC-9AC5-7B01DF520CF9}.LIB Debug|x64.ActiveCfg = Debug|Win32
		{418E4D66-0F8F-40CC-9AC5-7B01DF520CF9}.LIB Release - DLL OpenSSL - DLL LibSSH2|Win32.ActiveCfg = Release|Win32
		{418E4D66-0F8F-40CC-9AC5-7B01DF520CF9}.LIB Release - DLL OpenSSL - DLL LibSSH2|Win32.Build.0 = Release|Win32
		{418E4D66-0F8F-40CC-9AC5-7B01DF520CF9}.LIB Release - DLL OpenSSL - DLL LibSSH2|x64.ActiveCfg = Release|Win32
		{418E4D66-0F8F-40CC-9AC5-7B01DF520CF9}.LIB Release - DLL OpenSSL|Win32.ActiveCfg = Release|Win32
		{418E4D66-0F8F-40CC-9AC5-7B01DF520CF9}.LIB Release - DLL OpenSSL|Win32.Build.0 = Release|Win32
		{418E4D66-0F8F-40CC-9AC5-7B01DF520CF9}.LIB Release - DLL OpenSSL|x64.ActiveCfg = Release|Win32
		{418E4D66-0F8F-40CC-9AC5-7B01DF520CF9}.LIB Release - DLL Windows SSPI - DLL WinIDN|Win32.ActiveCfg = Release|Win32
		{418E4D66-0F8F-40CC-9AC5-7B01DF520CF9}.LIB Release - DLL Windows SSPI - DLL WinIDN|Win32.Build.0 = Release|Win32
		{418E4D66-0F8F-40CC-9AC5-7B01DF520CF9}.LIB Release - DLL Windows SSPI - DLL WinIDN|x64.ActiveCfg = Release|Win32
		{418E4D66-0F8F-40CC-9AC5-7B01DF520CF9}.LIB Release - DLL Windows SSPI|Win32.ActiveCfg = Release|Win32
		{418E4D66-0F8F-40CC-9AC5-7B01DF520CF9}.LIB Release - DLL Windows SSPI|Win32.Build.0 = Release|Win32
		{418E4D66-0F8F-40CC-9AC5-7B01DF520CF9}.LIB Release - DLL Windows SSPI|x64.ActiveCfg = Release|Win32
		{418E4D66-0F8F-40CC-9AC5-7B01DF520CF9}.LIB Release - LIB OpenSSL - LIB LibSSH2|Win32.ActiveCfg = Release|Win32
		{418E4D66-0F8F-40CC-9AC5-7B01DF520CF9}.LIB Release - LIB OpenSSL - LIB LibSSH2|Win32.Build.0 = Release|Win32
		{418E4D66-0F8F-40CC-9AC5-7B01DF520CF9}.LIB Release - LIB OpenSSL - LIB LibSSH2|x64.ActiveCfg = Release|Win32
		{418E4D66-0F8F-40CC-9AC5-7B01DF520CF9}.LIB Release - LIB OpenSSL|Win32.ActiveCfg = Release|Win32
		{418E4D66-0F8F-40CC-9AC5-7B01DF520CF9}.LIB Release - LIB OpenSSL|Win32.Build.0 = Release|Win32
		{418E4D66-0F8F-40CC-9AC5-7B01DF520CF9}.LIB Release - LIB OpenSSL|x64.ActiveCfg = Release|Win32
		{418E4D66-0F8F-40CC-9AC5-7B01DF520CF9}.LIB Release|Win32.ActiveCfg = Release|Win32
		{418E4D66-0F8F-40CC-9AC5-7B01DF520CF9}.LIB Release|Win32.Build.0 = Release|Win32
		{418E4D66-0F8F-40CC-9AC5-7B01DF520CF9}.LIB Release|x64.ActiveCfg = Release|Win32
		{418E4D66-0F8F-40CC-9AC5-7B01DF520CF9}.Release|Win32.ActiveCfg = Release|Win32
		{418E4D66-0F8F-40CC-9AC5-7B01DF520CF9}.Release|Win32.Build.0 = Release|Win32
		{418E4D66-0F8F-40CC-9AC5-7B01DF520CF9}.Release|x64.ActiveCfg = Release|Win32
		{0465B4B2-752B-432F-BE5C-30C666FA399E}.Debug|Win32.ActiveCfg = Debug|Win32
		{0465B4B2-752B-432F-BE5C-30C666FA399E}.Debug|Win32.Build.0 = Debug|Win32
		{0465B4B2-752B-432F-BE5C-30C666FA399E}.Debug|x64.ActiveCfg = Debug|Win32
		{0465B4B2-752B-432F-BE5C-30C666FA399E}.DLL Debug - DLL OpenSSL - DLL LibSSH2|Win32.ActiveCfg = Debug|Win32
		{0465B4B2-752B-432F-BE5C-30C666FA399E}.DLL Debug - DLL OpenSSL - DLL LibSSH2|Win32.Build.0 = Debug|Win32
		{0465B4B2-752B-432F-BE5C-30C666FA399E}.DLL Debug - DLL OpenSSL - DLL LibSSH2|x64.ActiveCfg = Debug|Win32
		{0465B4B2-752B-432F-BE5C-30C666FA399E}.DLL Debug - DLL OpenSSL|Win32.ActiveCfg = Debug|Win32
		{0465B4B2-752B-432F-BE5C-30C666FA399E}.DLL Debug - DLL OpenSSL|Win32.Build.0 = Debug|Win32
		{0465B4B2-752B-432F-BE5C-30C666FA399E}.DLL Debug - DLL OpenSSL|x64.ActiveCfg = Debug|Win32
		{0465B4B2-752B-432F-BE5C-30C666FA399E}.DLL Debug - DLL Windows SSPI - DLL WinIDN|Win32.ActiveCfg = Debug|Win32
		{0465B4B2-752B-432F-BE5C-30C666FA399E}.DLL Debug - DLL Windows SSPI - DLL WinIDN|Win32.Build.0 = Debug|Win32
		{0465B4B2-752B-432F-BE5C-30C666FA399E}.DLL Debug - DLL Windows SSPI - DLL WinIDN|x64.ActiveCfg = Debug|Win32
		{0465B4B2-752B-432F-BE5C-30C666FA399E}.DLL Debug - DLL Windows SSPI|Win32.ActiveCfg = Debug|Win32
		{0465B4B2-752B-432F-BE5C-30C666FA399E}.DLL Debug - DLL Windows SSPI|Win32.Build.0 = Debug|Win32
		{0465B4B2-752B-432F-BE5C-30C666FA399E}.DLL Debug - DLL Windows SSPI|x64.ActiveCfg = Debug|Win32
		{0465B4B2-752B-432F-BE5C-30C666FA399E}.DLL Debug|Win32.ActiveCfg = Debug|Win32
		{0465B4B2-752B-432F-BE5C-30C666FA399E}.DLL Debug|Win32.Build.0 = Debug|Win32
		{0465B4B2-752B-432F-BE5C-30C666FA399E}.DLL Debug|x64.ActiveCfg = Debug|Win32
		{0465B4B2-752B-432F-BE5C-30C666FA399E}.DLL Release - DLL OpenSSL - DLL LibSSH2|Win32.ActiveCfg = Release|Win32
		{0465B4B2-752B-432F-BE5C-30C666FA399E}.DLL Release - DLL OpenSSL - DLL LibSSH2|Win32.Build.0 = Release|Win32
		{0465B4B2-752B-432F-BE5C-30C666FA399E}.DLL Release - DLL OpenSSL - DLL LibSSH2|x64.ActiveCfg = Release|Win32
		{0465B4B2-752B-432F-BE5C-30C666FA399E}.DLL Release - DLL OpenSSL|Win32.ActiveCfg = Release|Win32
		{0465B4B2-752B-432F-BE5C-30C666FA399E}.DLL Release - DLL OpenSSL|Win32.Build.0 = Release|Win32
		{0465B4B2-752B-432F-BE5C-30C666FA399E}.DLL Release - DLL OpenSSL|x64.ActiveCfg = Release|Win32
		{0465B4B2-752B-432F-BE5C-30C666FA399E}.DLL Release - DLL Windows SSPI - DLL WinIDN|Win32.ActiveCfg = Release|Win32
		{0465B4B2-752B-432F-BE5C-30C666FA399E}.DLL Release - DLL Windows SSPI - DLL WinIDN|Win32.Build.0 = Release|Win32
		{0465B4B2-752B-432F-BE5C-30C666FA399E}.DLL Release - DLL Windows SSPI - DLL WinIDN|x64.ActiveCfg = Release|Win32
		{0465B4B2-752B-432F-BE5C-30C666FA399E}.DLL Release - DLL Windows SSPI|Win32.ActiveCfg = Release|Win32
		{0465B4B2-752B-432F-BE5C-30C666FA399E}.DLL Release - DLL Windows SSPI|Win32.Build.0 = Release|Win32
		{0465B4B2-752B-432F-BE5C-30C666FA399E}.DLL Release - DLL Windows SSPI|x64.ActiveCfg = Release|Win32
		{0465B4B2-752B-432F-BE5C-30C666FA399E}.DLL Release|Win32.ActiveCfg = Release|Win32
		{0465B4B2-752B-432F-BE5C-30C666FA399E}.DLL Release|Win32.Build.0 = Release|Win32
		{0465B4B2-752B-432F-BE5C-30C666FA399E}.DLL Release|x64.ActiveCfg = Release|Win32
		{0465B4B2-752B-432F-BE5C-30C666FA399E}.LIB Debug - DLL OpenSSL - DLL LibSSH2|Win32.ActiveCfg = Debug|Win32
		{0465B4B2-752B-432F-BE5C-30C666FA399E}.LIB Debug - DLL OpenSSL - DLL LibSSH2|Win32.Build.0 = Debug|Win32
		{0465B4B2-752B-432F-BE5C-30C666FA399E}.LIB Debug - DLL OpenSSL - DLL LibSSH2|x64.ActiveCfg = Debug|Win32
		{0465B4B2-752B-432F-BE5C-30C666FA399E}.LIB Debug - DLL OpenSSL|Win32.ActiveCfg = Debug|Win32
		{0465B4B2-752B-432F-BE5C-30C666FA399E}.LIB Debug - DLL OpenSSL|Win32.Build.0 = Debug|Win32
		{0465B4B2-752B-432F-BE5C-30C666FA399E}.LIB Debug - DLL OpenSSL|x64.ActiveCfg = Debug|Win32
		{0465B4B2-752B-432F-BE5C-30C666FA399E}.LIB Debug - DLL Windows SSPI - DLL WinIDN|Win32.ActiveCfg = Debug|Win32
		{0465B4B2-752B-432F-BE5C-30C666FA399E}.LIB Debug - DLL Windows SSPI - DLL WinIDN|Win32.Build.0 = Debug|Win32
		{0465B4B2-752B-432F-BE5C-30C666FA399E}.LIB Debug - DLL Windows SSPI - DLL WinIDN|x64.ActiveCfg = Debug|Win32
		{0465B4B2-752B-432F-BE5C-30C666FA399E}.LIB Debug - DLL Windows SSPI|Win32.ActiveCfg = Debug|Win32
		{0465B4B2-752B-432F-BE5C-30C666FA399E}.LIB Debug - DLL Windows SSPI|Win32.Build.0 = Debug|Win32
		{0465B4B2-752B-432F-BE5C-30C666FA399E}.LIB Debug - DLL Windows SSPI|x64.ActiveCfg = Debug|Win32
		{0465B4B2-752B-432F-BE5C-30C666FA399E}.LIB Debug - LIB OpenSSL - LIB LibSSH2|Win32.ActiveCfg = Debug|Win32
		{0465B4B2-752B-432F-BE5C-30C666FA399E}.LIB Debug - LIB OpenSSL - LIB LibSSH2|Win32.Build.0 = Debug|Win32
		{0465B4B2-752B-432F-BE5C-30C666FA399E}.LIB Debug - LIB OpenSSL - LIB LibSSH2|x64.ActiveCfg = Debug|Win32
		{0465B4B2-752B-432F-BE5C-30C666FA399E}.LIB Debug - LIB OpenSSL|Win32.ActiveCfg = Debug|Win32
		{0465B4B2-752B-432F-BE5C-30C666FA399E}.LIB Debug - LIB OpenSSL|Win32.Build.0 = Debug|Win32
		{0465B4B2-752B-432F-BE5C-30C666FA399E}.LIB Debug - LIB OpenSSL|x64.ActiveCfg = Debug|Win32
		{0465B4B2-752B-432F-BE5C-30C666FA399E}.LIB Debug|Win32.ActiveCfg = Debug|Win32
		{0465B4B2-752B-432F-BE5C-30C666FA399E}.LIB Debug|Win32.Build.0 = Debug|Win32
		{0465B4B2-752B-432F-BE5C-30C666FA399E}.LIB Debug|x64.ActiveCfg = Debug|Win32
		{0465B4B2-752B-432F-BE5C-30C666FA399E}.LIB Release - DLL OpenSSL - DLL LibSSH2|Win32.ActiveCfg = Release|Win32
		{0465B4B2-752B-432F-BE5C-30C666FA399E}.LIB Release - DLL OpenSSL - DLL LibSSH2|Win32.Build.0 = Release|Win32
		{0465B4B2-752B-432F-BE5C-30C666FA399E}.LIB Release - DLL OpenSSL - DLL LibSSH2|x64.ActiveCfg = Release|Win32
		{0465B4B2-752B-432F-BE5C-30C666FA399E}.LIB Release - DLL OpenSSL|Win32.ActiveCfg = Release|Win32
		{0465B4B2-752B-432F-BE5C-30C666FA399E}.LIB Release - DLL OpenSSL|Win32.Build.0 = Release|Win32
		{0465B4B2-752B-432F-BE5C-30C666FA399E}.LIB Release - DLL OpenSSL|x64.ActiveCfg = Release|Win32
		{0465B4B2-752B-432F-BE5C-30C666FA399E}.LIB Release - DLL Windows SSPI - DLL WinIDN|Win32.ActiveCfg = Release|Win32
		{0465B4B2-752B-432F-BE5C-30C666FA399E}.LIB Release - DLL Windows SSPI - DLL WinIDN|Win32.Build.0 = Release|Win32
		{0465B4B2-752B-432F-BE5C-30C666FA399E}.LIB Release - DLL Windows SSPI - DLL WinIDN|x64.ActiveCfg = Release|Win32
		{0465B4B2-752B-432F-BE5C-30C666FA399E}.LIB Release - DLL Windows SSPI|Win32.ActiveCfg = Release|Win32
		{0465B4B2-752B-432F-BE5C-30C666FA399E}.LIB Release - DLL Windows SSPI|Win32.Build.0 = Release|Win32
		{0465B4B2-752B-432F-BE5C-30C666FA399E}.LIB Release - DLL Windows SSPI|x64.ActiveCfg = Release|Win32
		{0465B4B2-752B-432F-BE5C-30C666FA399E}.LIB Release - LIB OpenSSL - LIB LibSSH2|Win32.ActiveCfg = Release|Win32
		{0465B4B2-752B-432F-BE5C-30C666FA399E}.LIB Release - LIB OpenSSL - LIB LibSSH2|Win32.Build.0 = Release|Win32
		{0465B4B2-752B-432F-BE5C-30C666FA399E}.LIB Release - LIB OpenSSL - LIB LibSSH2|x64.ActiveCfg = Release|Win32
		{0465B4B2-752B-432F-BE5C-30C666FA399E}.LIB Release - LIB OpenSSL|Win32.ActiveCfg = Release|Win32
		{0465B4B2-752B-432F-BE5C-30C666FA399E}.LIB Release - LIB OpenSSL|Win32.Build.0 = Release|Win32
		{0465B4B2-752B-432F-BE5C-30C666FA399E}.LIB Release - LIB OpenSSL|x64.ActiveCfg = Release|Win32
		{0465B4B2-752B-432F-BE5C-30C666FA399E}.LIB Release|Win32.ActiveCfg = Release|Win32
		{0465B4B2-752B-432F-BE5C-30C666FA399E}.LIB Release|Win32.Build.0 = Release|Win32
		{0465B4B2-752B-432F-BE5C-30C666FA399E}.LIB Release|x64.ActiveCfg = Release|Win32
		{0465B4B2-752B-432F-BE5C-30C666FA399E}.Release|Win32.ActiveCfg = Release|Win32
		{0465B4B2-752B-432F-BE5C-30C666FA399E}.Release|Win32.Build.0 = Release|Win32
		{0465B4B2-752B-432F-BE5C-30C666FA399E}.Release|x64.ActiveCfg = Release|Win32
		{DA6F56B4-06A4-441D-AD70-AC5A7D51FADB}.Debug|Win32.ActiveCfg = LIB Debug|Win32
		{DA6F56B4-06A4-441D-AD70-AC5A7D51FADB}.Debug|Win32.Build.0 = LIB Debug|Win32
		{DA6F56B4-06A4-441D-AD70-AC5A7D51FADB}.Debug|x64.ActiveCfg = LIB Debug|x64
		{DA6F56B4-06A4-441D-AD70-AC5A7D51FADB}.Debug|x64.Build.0 = LIB Debug|x64
		{DA6F56B4-06A4-441D-AD70-AC5A7D51FADB}.DLL Debug - DLL OpenSSL - DLL LibSSH2|Win32.ActiveCfg = DLL Debug - DLL OpenSSL - DLL LibSSH2|Win32
		{DA6F56B4-06A4-441D-AD70-AC5A7D51FADB}.DLL Debug - DLL OpenSSL - DLL LibSSH2|Win32.Build.0 = DLL Debug - DLL OpenSSL - DLL LibSSH2|Win32
		{DA6F56B4-06A4-441D-AD70-AC5A7D51FADB}.DLL Debug - DLL OpenSSL - DLL LibSSH2|x64.ActiveCfg = DLL Debug - DLL OpenSSL - DLL LibSSH2|x64
		{DA6F56B4-06A4-441D-AD70-AC5A7D51FADB}.DLL Debug - DLL OpenSSL - DLL LibSSH2|x64.Build.0 = DLL Debug - DLL OpenSSL - DLL LibSSH2|x64
		{DA6F56B4-06A4-441D-AD70-AC5A7D51FADB}.DLL Debug - DLL OpenSSL|Win32.ActiveCfg = DLL Debug - DLL OpenSSL|Win32
		{DA6F56B4-06A4-441D-AD70-AC5A7D51FADB}.DLL Debug - DLL OpenSSL|Win32.Build.0 = DLL Debug - DLL OpenSSL|Win32
		{DA6F56B4-06A4-441D-AD70-AC5A7D51FADB}.DLL Debug - DLL OpenSSL|x64.ActiveCfg = DLL Debug - DLL OpenSSL|x64
		{DA6F56B4-06A4-441D-AD70-AC5A7D51FADB}.DLL Debug - DLL OpenSSL|x64.Build.0 = DLL Debug - DLL OpenSSL|x64
		{DA6F56B4-06A4-441D-AD70-AC5A7D51FADB}.DLL Debug - DLL Windows SSPI - DLL WinIDN|Win32.ActiveCfg = DLL Debug - DLL Windows SSPI - DLL WinIDN|Win32
		{DA6F56B4-06A4-441D-AD70-AC5A7D51FADB}.DLL Debug - DLL Windows SSPI - DLL WinIDN|Win32.Build.0 = DLL Debug - DLL Windows SSPI - DLL WinIDN|Win32
		{DA6F56B4-06A4-441D-AD70-AC5A7D51FADB}.DLL Debug - DLL Windows SSPI - DLL WinIDN|x64.ActiveCfg = DLL Debug - DLL Windows SSPI - DLL WinIDN|x64
		{DA6F56B4-06A4-441D-AD70-AC5A7D51FADB}.DLL Debug - DLL Windows SSPI - DLL WinIDN|x64.Build.0 = DLL Debug - DLL Windows SSPI - DLL WinIDN|x64
		{DA6F56B4-06A4-441D-AD70-AC5A7D51FADB}.DLL Debug - DLL Windows SSPI|Win32.ActiveCfg = DLL Debug - DLL Windows SSPI|Win32
		{DA6F56B4-06A4-441D-AD70-AC5A7D51FADB}.DLL Debug - DLL Windows SSPI|Win32.Build.0 = DLL Debug - DLL Windows SSPI|Win32
		{DA6F56B4-06A4-441D-AD70-AC5A7D51FADB}.DLL Debug - DLL Windows SSPI|x64.ActiveCfg = DLL Debug - DLL Windows SSPI|x64
		{DA6F56B4-06A4-441D-AD70-AC5A7D51FADB}.DLL Debug - DLL Windows SSPI|x64.Build.0 = DLL Debug - DLL Windows SSPI|x64
		{DA6F56B4-06A4-441D-AD70-AC5A7D51FADB}.DLL Debug|Win32.ActiveCfg = DLL Debug|Win32
		{DA6F56B4-06A4-441D-AD70-AC5A7D51FADB}.DLL Debug|Win32.Build.0 = DLL Debug|Win32
		{DA6F56B4-06A4-441D-AD70-AC5A7D51FADB}.DLL Debug|x64.ActiveCfg = DLL Debug|x64
		{DA6F56B4-06A4-441D-AD70-AC5A7D51FADB}.DLL Debug|x64.Build.0 = DLL Debug|x64
		{DA6F56B4-06A4-441D-AD70-AC5A7D51FADB}.DLL Release - DLL OpenSSL - DLL LibSSH2|Win32.ActiveCfg = DLL Release - DLL OpenSSL - DLL LibSSH2|Win32
		{DA6F56B4-06A4-441D-AD70-AC5A7D51FADB}.DLL Release - DLL OpenSSL - DLL LibSSH2|Win32.Build.0 = DLL Release - DLL OpenSSL - DLL LibSSH2|Win32
		{DA6F56B4-06A4-441D-AD70-AC5A7D51FADB}.DLL Release - DLL OpenSSL - DLL LibSSH2|x64.ActiveCfg = DLL Release - DLL OpenSSL - DLL LibSSH2|x64
		{DA6F56B4-06A4-441D-AD70-AC5A7D51FADB}.DLL Release - DLL OpenSSL - DLL LibSSH2|x64.Build.0 = DLL Release - DLL OpenSSL - DLL LibSSH2|x64
		{DA6F56B4-06A4-441D-AD70-AC5A7D51FADB}.DLL Release - DLL OpenSSL|Win32.ActiveCfg = DLL Release - DLL OpenSSL|Win32
		{DA6F56B4-06A4-441D-AD70-AC5A7D51FADB}.DLL Release - DLL OpenSSL|Win32.Build.0 = DLL Release - DLL OpenSSL|Win32
		{DA6F56B4-06A4-441D-AD70-AC5A7D51FADB}.DLL Release - DLL OpenSSL|x64.ActiveCfg = DLL Release - DLL OpenSSL|x64
		{DA6F56B4-06A4-441D-AD70-AC5A7D51FADB}.DLL Release - DLL OpenSSL|x64.Build.0 = DLL Release - DLL OpenSSL|x64
		{DA6F56B4-06A4-441D-AD70-AC5A7D51FADB}.DLL Release - DLL Windows SSPI - DLL WinIDN|Win32.ActiveCfg = DLL Release - DLL Windows SSPI - DLL WinIDN|Win32
		{DA6F56B4-06A4-441D-AD70-AC5A7D51FADB}.DLL Release - DLL Windows SSPI - DLL WinIDN|Win32.Build.0 = DLL Release - DLL Windows SSPI - DLL WinIDN|Win32
		{DA6F56B4-06A4-441D-AD70-AC5A7D51FADB}.DLL Release - DLL Windows SSPI - DLL WinIDN|x64.ActiveCfg = DLL Release - DLL Windows SSPI - DLL WinIDN|x64
		{DA6F56B4-06A4-441D-AD70-AC5A7D51FADB}.DLL Release - DLL Windows SSPI - DLL WinIDN|x64.Build.0 = DLL Release - DLL Windows SSPI - DLL WinIDN|x64
		{DA6F56B4-06A4-441D-AD70-AC5A7D51FADB}.DLL Release - DLL Windows SSPI|Win32.ActiveCfg = DLL Release - DLL Windows SSPI|Win32
		{DA6F56B4-06A4-441D-AD70-AC5A7D51FADB}.DLL Release - DLL Windows SSPI|Win32.Build.0 = DLL Release - DLL Windows SSPI|Win32
		{DA6F56B4-06A4-441D-AD70-AC5A7D51FADB}.DLL Release - DLL Windows SSPI|x64.ActiveCfg = DLL Release - DLL Windows SSPI|x64
		{DA6F56B4-06A4-441D-AD70-AC5A7D51FADB}.DLL Release - DLL Windows SSPI|x64.Build.0 = DLL Release - DLL Windows SSPI|x64
		{DA6F56B4-06A4-441D-AD70-AC5A7D51FADB}.DLL Release|Win32.ActiveCfg = DLL Release|Win32
		{DA6F56B4-06A4-441D-AD70-AC5A7D51FADB}.DLL Release|Win32.Build.0 = DLL Release|Win32
		{DA6F56B4-06A4-441D-AD70-AC5A7D51FADB}.DLL Release|x64.ActiveCfg = DLL Release|x64
		{DA6F56B4-06A4-441D-AD70-AC5A7D51FADB}.DLL Release|x64.Build.0 = DLL Release|x64
		{DA6F56B4-06A4-441D-AD70-AC5A7D51FADB}.LIB Debug - DLL OpenSSL - DLL LibSSH2|Win32.ActiveCfg = LIB Debug - DLL OpenSSL - DLL LibSSH2|Win32
		{DA6F56B4-06A4-441D-AD70-AC5A7D51FADB}.LIB Debug - DLL OpenSSL - DLL LibSSH2|Win32.Build.0 = LIB Debug - DLL OpenSSL - DLL LibSSH2|Win32
		{DA6F56B4-06A4-441D-AD70-AC5A7D51FADB}.LIB Debug - DLL OpenSSL - DLL LibSSH2|x64.ActiveCfg = LIB Debug - DLL OpenSSL - DLL LibSSH2|x64
		{DA6F56B4-06A4-441D-AD70-AC5A7D51FADB}.LIB Debug - DLL OpenSSL - DLL LibSSH2|x64.Build.0 = LIB Debug - DLL OpenSSL - DLL LibSSH2|x64
		{DA6F56B4-06A4-441D-AD70-AC5A7D51FADB}.LIB Debug - DLL OpenSSL|Win32.ActiveCfg = LIB Debug - DLL OpenSSL|Win32
		{DA6F56B4-06A4-441D-AD70-AC5A7D51FADB}.LIB Debug - DLL OpenSSL|Win32.Build.0 = LIB Debug - DLL OpenSSL|Win32
		{DA6F56B4-06A4-441D-AD70-AC5A7D51FADB}.LIB Debug - DLL OpenSSL|x64.ActiveCfg = LIB Debug - DLL OpenSSL|x64
		{DA6F56B4-06A4-441D-AD70-AC5A7D51FADB}.LIB Debug - DLL OpenSSL|x64.Build.0 = LIB Debug - DLL OpenSSL|x64
		{DA6F56B4-06A4-441D-AD70-AC5A7D51FADB}.LIB Debug - DLL Windows SSPI - DLL WinIDN|Win32.ActiveCfg = LIB Debug - DLL Windows SSPI - DLL WinIDN|Win32
		{DA6F56B4-06A4-441D-AD70-AC5A7D51FADB}.LIB Debug - DLL Windows SSPI - DLL WinIDN|Win32.Build.0 = LIB Debug - DLL Windows SSPI - DLL WinIDN|Win32
		{DA6F56B4-06A4-441D-AD70-AC5A7D51FADB}.LIB Debug - DLL Windows SSPI - DLL WinIDN|x64.ActiveCfg = LIB Debug - DLL Windows SSPI - DLL WinIDN|x64
		{DA6F56B4-06A4-441D-AD70-AC5A7D51FADB}.LIB Debug - DLL Windows SSPI - DLL WinIDN|x64.Build.0 = LIB Debug - DLL Windows SSPI - DLL WinIDN|x64
		{DA6F56B4-06A4-441D-AD70-AC5A7D51FADB}.LIB Debug - DLL Windows SSPI|Win32.ActiveCfg = LIB Debug - DLL Windows SSPI|Win32
		{DA6F56B4-06A4-441D-AD70-AC5A7D51FADB}.LIB Debug - DLL Windows SSPI|Win32.Build.0 = LIB Debug - DLL Windows SSPI|Win32
		{DA6F56B4-06A4-441D-AD70-AC5A7D51FADB}.LIB Debug - DLL Windows SSPI|x64.ActiveCfg = LIB Debug - DLL Windows SSPI|x64
		{DA6F56B4-06A4-441D-AD70-AC5A7D51FADB}.LIB Debug - DLL Windows SSPI|x64.Build.0 = LIB Debug - DLL Windows SSPI|x64
		{DA6F56B4-06A4-441D-AD70-AC5A7D51FADB}.LIB Debug - LIB OpenSSL - LIB LibSSH2|Win32.ActiveCfg = LIB Debug - LIB OpenSSL - LIB LibSSH2|Win32
		{DA6F56B4-06A4-441D-AD70-AC5A7D51FADB}.LIB Debug - LIB OpenSSL - LIB LibSSH2|Win32.Build.0 = LIB Debug - LIB OpenSSL - LIB LibSSH2|Win32
		{DA6F56B4-06A4-441D-AD70-AC5A7D51FADB}.LIB Debug - LIB OpenSSL - LIB LibSSH2|x64.ActiveCfg = LIB Debug - LIB OpenSSL - LIB LibSSH2|x64
		{DA6F56B4-06A4-441D-AD70-AC5A7D51FADB}.LIB Debug - LIB OpenSSL - LIB LibSSH2|x64.Build.0 = LIB Debug - LIB OpenSSL - LIB LibSSH2|x64
		{DA6F56B4-06A4-441D-AD70-AC5A7D51FADB}.LIB Debug - LIB OpenSSL|Win32.ActiveCfg = LIB Debug - LIB OpenSSL|Win32
		{DA6F56B4-06A4-441D-AD70-AC5A7D51FADB}.LIB Debug - LIB OpenSSL|Win32.Build.0 = LIB Debug - LIB OpenSSL|Win32
		{DA6F56B4-06A4-441D-AD70-AC5A7D51FADB}.LIB Debug - LIB OpenSSL|x64.ActiveCfg = LIB Debug - LIB OpenSSL|x64
		{DA6F56B4-06A4-441D-AD70-AC5A7D51FADB}.LIB Debug - LIB OpenSSL|x64.Build.0 = LIB Debug - LIB OpenSSL|x64
		{DA6F56B4-06A4-441D-AD70-AC5A7D51FADB}.LIB Debug|Win32.ActiveCfg = LIB Debug|Win32
		{DA6F56B4-06A4-441D-AD70-AC5A7D51FADB}.LIB Debug|Win32.Build.0 = LIB Debug|Win32
		{DA6F56B4-06A4-441D-AD70-AC5A7D51FADB}.LIB Debug|x64.ActiveCfg = LIB Debug|x64
		{DA6F56B4-06A4-441D-AD70-AC5A7D51FADB}.LIB Debug|x64.Build.0 = LIB Debug|x64
		{DA6F56B4-06A4-441D-AD70-AC5A7D51FADB}.LIB Release - DLL OpenSSL - DLL LibSSH2|Win32.ActiveCfg = LIB Release - DLL OpenSSL - DLL LibSSH2|Win32
		{DA6F56B4-06A4-441D-AD70-AC5A7D51FADB}.LIB Release - DLL OpenSSL - DLL LibSSH2|Win32.Build.0 = LIB Release - DLL OpenSSL - DLL LibSSH2|Win32
		{DA6F56B4-06A4-441D-AD70-AC5A7D51FADB}.LIB Release - DLL OpenSSL - DLL LibSSH2|x64.ActiveCfg = LIB Release - DLL OpenSSL - DLL LibSSH2|x64
		{DA6F56B4-06A4-441D-AD70-AC5A7D51FADB}.LIB Release - DLL OpenSSL - DLL LibSSH2|x64.Build.0 = LIB Release - DLL OpenSSL - DLL LibSSH2|x64
		{DA6F56B4-06A4-441D-AD70-AC5A7D51FADB}.LIB Release - DLL OpenSSL|Win32.ActiveCfg = LIB Release - DLL OpenSSL|Win32
		{DA6F56B4-06A4-441D-AD70-AC5A7D51FADB}.LIB Release - DLL OpenSSL|Win32.Build.0 = LIB Release - DLL OpenSSL|Win32
		{DA6F56B4-06A4-441D-AD70-AC5A7D51FADB}.LIB Release - DLL OpenSSL|x64.ActiveCfg = LIB Release - DLL OpenSSL|x64
		{DA6F56B4-06A4-441D-AD70-AC5A7D51FADB}.LIB Release - DLL OpenSSL|x64.Build.0 = LIB Release - DLL OpenSSL|x64
		{DA6F56B4-06A4-441D-AD70-AC5A7D51FADB}.LIB Release - DLL Windows SSPI - DLL WinIDN|Win32.ActiveCfg = LIB Release - DLL Windows SSPI - DLL WinIDN|Win32
		{DA6F56B4-06A4-441D-AD70-AC5A7D51FADB}.LIB Release - DLL Windows SSPI - DLL WinIDN|Win32.Build.0 = LIB Release - DLL Windows SSPI - DLL WinIDN|Win32
		{DA6F56B4-06A4-441D-AD70-AC5A7D51FADB}.LIB Release - DLL Windows SSPI - DLL WinIDN|x64.ActiveCfg = LIB Release - DLL Windows SSPI - DLL WinIDN|x64
		{DA6F56B4-06A4-441D-AD70-AC5A7D51FADB}.LIB Release - DLL Windows SSPI - DLL WinIDN|x64.Build.0 = LIB Release - DLL Windows SSPI - DLL WinIDN|x64
		{DA6F56B4-06A4-441D-AD70-AC5A7D51FADB}.LIB Release - DLL Windows SSPI|Win32.ActiveCfg = LIB Release - DLL Windows SSPI|Win32
		{DA6F56B4-06A4-441D-AD70-AC5A7D51FADB}.LIB Release - DLL Windows SSPI|Win32.Build.0 = LIB Release - DLL Windows SSPI|Win32
		{DA6F56B4-06A4-441D-AD70-AC5A7D51FADB}.LIB Release - DLL Windows SSPI|x64.ActiveCfg = LIB Release - DLL Windows SSPI|x64
		{DA6F56B4-06A4-441D-AD70-AC5A7D51FADB}.LIB Release - DLL Windows SSPI|x64.Build.0 = LIB Release - DLL Windows SSPI|x64
		{DA6F56B4-06A4-441D-AD70-AC5A7D51FADB}.LIB Release - LIB OpenSSL - LIB LibSSH2|Win32.ActiveCfg = LIB Release - LIB OpenSSL - LIB LibSSH2|Win32
		{DA6F56B4-06A4-441D-AD70-AC5A7D51FADB}.LIB Release - LIB OpenSSL - LIB LibSSH2|Win32.Build.0 = LIB Release - LIB OpenSSL - LIB LibSSH2|Win32
		{DA6F56B4-06A4-441D-AD70-AC5A7D51FADB}.LIB Release - LIB OpenSSL - LIB LibSSH2|x64.ActiveCfg = LIB Release - LIB OpenSSL - LIB LibSSH2|x64
		{DA6F56B4-06A4-441D-AD70-AC5A7D51FADB}.LIB Release - LIB OpenSSL - LIB LibSSH2|x64.Build.0 = LIB Release - LIB OpenSSL - LIB LibSSH2|x64
		{DA6F56B4-06A4-441D-AD70-AC5A7D51FADB}.LIB Release - LIB OpenSSL|Win32.ActiveCfg = LIB Release - LIB OpenSSL|Win32
		{DA6F56B4-06A4-441D-AD70-AC5A7D51FADB}.LIB Release - LIB OpenSSL|Win32.Build.0 = LIB Release - LIB OpenSSL|Win32
		{DA6F56B4-06A4-441D-AD70-AC5A7D51FADB}.LIB Release - LIB OpenSSL|x64.ActiveCfg = LIB Release - LIB OpenSSL|x64
		{DA6F56B4-06A4-441D-AD70-AC5A7D51FADB}.LIB Release - LIB OpenSSL|x64.Build.0 = LIB Release - LIB OpenSSL|x64
		{DA6F56B4-06A4-441D-AD70-AC5A7D51FADB}.LIB Release|Win32.ActiveCfg = LIB Release|Win32
		{DA6F56B4-06A4-441D-AD70-AC5A7D51FADB}.LIB Release|Win32.Build.0 = LIB Release|Win32
		{DA6F56B4-06A4-441D-AD70-AC5A7D51FADB}.LIB Release|x64.ActiveCfg = LIB Release|x64
		{DA6F56B4-06A4-441D-AD70-AC5A7D51FADB}.LIB Release|x64.Build.0 = LIB Release|x64
		{DA6F56B4-06A4-441D-AD70-AC5A7D51FADB}.Release|Win32.ActiveCfg = LIB Release - LIB OpenSSL - LIB LibSSH2|Win32
		{DA6F56B4-06A4-441D-AD70-AC5A7D51FADB}.Release|Win32.Build.0 = LIB Release - LIB OpenSSL - LIB LibSSH2|Win32
		{DA6F56B4-06A4-441D-AD70-AC5A7D51FADB}.Release|x64.ActiveCfg = LIB Release - LIB OpenSSL - LIB LibSSH2|x64
		{DA6F56B4-06A4-441D-AD70-AC5A7D51FADB}.Release|x64.Build.0 = LIB Release - LIB OpenSSL - LIB LibSSH2|x64
		{1E6C2C1C-6453-4129-AE3F-0EE8E6599C89}.Debug|Win32.ActiveCfg = Debug|Win32
		{1E6C2C1C-6453-4129-AE3F-0EE8E6599C89}.Debug|Win32.Build.0 = Debug|Win32
		{1E6C2C1C-6453-4129-AE3F-0EE8E6599C89}.Debug|x64.ActiveCfg = Debug|x64
		{1E6C2C1C-6453-4129-AE3F-0EE8E6599C89}.Debug|x64.Build.0 = Debug|x64
		{1E6C2C1C-6453-4129-AE3F-0EE8E6599C89}.DLL Debug - DLL OpenSSL - DLL LibSSH2|Win32.ActiveCfg = Debug|Win32
		{1E6C2C1C-6453-4129-AE3F-0EE8E6599C89}.DLL Debug - DLL OpenSSL - DLL LibSSH2|Win32.Build.0 = Debug|Win32
		{1E6C2C1C-6453-4129-AE3F-0EE8E6599C89}.DLL Debug - DLL OpenSSL - DLL LibSSH2|x64.ActiveCfg = Debug|x64
		{1E6C2C1C-6453-4129-AE3F-0EE8E6599C89}.DLL Debug - DLL OpenSSL - DLL LibSSH2|x64.Build.0 = Debug|x64
		{1E6C2C1C-6453-4129-AE3F-0EE8E6599C89}.DLL Debug - DLL OpenSSL|Win32.ActiveCfg = Debug|Win32
		{1E6C2C1C-6453-4129-AE3F-0EE8E6599C89}.DLL Debug - DLL OpenSSL|Win32.Build.0 = Debug|Win32
		{1E6C2C1C-6453-4129-AE3F-0EE8E6599C89}.DLL Debug - DLL OpenSSL|x64.ActiveCfg = Debug|x64
		{1E6C2C1C-6453-4129-AE3F-0EE8E6599C89}.DLL Debug - DLL OpenSSL|x64.Build.0 = Debug|x64
		{1E6C2C1C-6453-4129-AE3F-0EE8E6599C89}.DLL Debug - DLL Windows SSPI - DLL WinIDN|Win32.ActiveCfg = Debug|Win32
		{1E6C2C1C-6453-4129-AE3F-0EE8E6599C89}.DLL Debug - DLL Windows SSPI - DLL WinIDN|Win32.Build.0 = Debug|Win32
		{1E6C2C1C-6453-4129-AE3F-0EE8E6599C89}.DLL Debug - DLL Windows SSPI - DLL WinIDN|x64.ActiveCfg = Debug|x64
		{1E6C2C1C-6453-4129-AE3F-0EE8E6599C89}.DLL Debug - DLL Windows SSPI - DLL WinIDN|x64.Build.0 = Debug|x64
		{1E6C2C1C-6453-4129-AE3F-0EE8E6599C89}.DLL Debug - DLL Windows SSPI|Win32.ActiveCfg = Debug|Win32
		{1E6C2C1C-6453-4129-AE3F-0EE8E6599C89}.DLL Debug - DLL Windows SSPI|Win32.Build.0 = Debug|Win32
		{1E6C2C1C-6453-4129-AE3F-0EE8E6599C89}.DLL Debug - DLL Windows SSPI|x64.ActiveCfg = Debug|x64
		{1E6C2C1C-6453-4129-AE3F-0EE8E6599C89}.DLL Debug - DLL Windows SSPI|x64.Build.0 = Debug|x64
		{1E6C2C1C-6453-4129-AE3F-0EE8E6599C89}.DLL Debug|Win32.ActiveCfg = Debug|Win32
		{1E6C2C1C-6453-4129-AE3F-0EE8E6599C89}.DLL Debug|Win32.Build.0 = Debug|Win32
		{1E6C2C1C-6453-4129-AE3F-0EE8E6599C89}.DLL Debug|x64.ActiveCfg = Debug|x64
		{1E6C2C1C-6453-4129-AE3F-0EE8E6599C89}.DLL Debug|x64.Build.0 = Debug|x64
		{1E6C2C1C-6453-4129-AE3F-0EE8E6599C89}.DLL Release - DLL OpenSSL - DLL LibSSH2|Win32.ActiveCfg = Release|Win32
		{1E6C2C1C-6453-4129-AE3F-0EE8E6599C89}.DLL Release - DLL OpenSSL - DLL LibSSH2|Win32.Build.0 = Release|Win32
		{1E6C2C1C-6453-4129-AE3F-0EE8E6599C89}.DLL Release - DLL OpenSSL - DLL LibSSH2|x64.ActiveCfg = Release|x64
		{1E6C2C1C-6453-4129-AE3F-0EE8E6599C89}.DLL Release - DLL OpenSSL - DLL LibSSH2|x64.Build.0 = Release|x64
		{1E6C2C1C-6453-4129-AE3F-0EE8E6599C89}.DLL Release - DLL OpenSSL|Win32.ActiveCfg = Release|Win32
		{1E6C2C1C-6453-4129-AE3F-0EE8E6599C89}.DLL Release - DLL OpenSSL|Win32.Build.0 = Release|Win32
		{1E6C2C1C-6453-4129-AE3F-0EE8E6599C89}.DLL Release - DLL OpenSSL|x64.ActiveCfg = Release|x64
		{1E6C2C1C-6453-4129-AE3F-0EE8E6599C89}.DLL Release - DLL OpenSSL|x64.Build.0 = Release|x64
		{1E6C2C1C-6453-4129-AE3F-0EE8E6599C89}.DLL Release - DLL Windows SSPI - DLL WinIDN|Win32.ActiveCfg = Release|Win32
		{1E6C2C1C-6453-4129-AE3F-0EE8E6599C89}.DLL Release - DLL Windows SSPI - DLL WinIDN|Win32.Build.0 = Release|Win32
		{1E6C2C1C-6453-4129-AE3F-0EE8E6599C89}.DLL Release - DLL Windows SSPI - DLL WinIDN|x64.ActiveCfg = Release|x64
		{1E6C2C1C-6453-4129-AE3F-0EE8E6599C89}.DLL Release - DLL Windows SSPI - DLL WinIDN|x64.Build.0 = Release|x64
		{1E6C2C1C-6453-4129-AE3F-0EE8E6599C89}.DLL Release - DLL Windows SSPI|Win32.ActiveCfg = Release|Win32
		{1E6C2C1C-6453-4129-AE3F-0EE8E6599C89}.DLL Release - DLL Windows SSPI|Win32.Build.0 = Release|Win32
		{1E6C2C1C-6453-4129-AE3F-0EE8E6599C89}.DLL Release - DLL Windows SSPI|x64.ActiveCfg = Release|x64
		{1E6C2C1C-6453-4129-AE3F-0EE8E6599C89}.DLL Release - DLL Windows SSPI|x64.Build.0 = Release|x64
		{1E6C2C1C-6453-4129-AE3F-0EE8E6599C89}.DLL Release|Win32.ActiveCfg = Release|Win32
		{1E6C2C1C-6453-4129-AE3F-0EE8E6599C89}.DLL Release|Win32.Build.0 = Release|Win32
		{1E6C2C1C-6453-4129-AE3F-0EE8E6599C89}.DLL Release|x64.ActiveCfg = Release|x64
		{1E6C2C1C-6453-4129-AE3F-0EE8E6599C89}.DLL Release|x64.Build.0 = Release|x64
		{1E6C2C1C-6453-4129-AE3F-0EE8E6599C89}.LIB Debug - DLL OpenSSL - DLL LibSSH2|Win32.ActiveCfg = Debug|Win32
		{1E6C2C1C-6453-4129-AE3F-0EE8E6599C89}.LIB Debug - DLL OpenSSL - DLL LibSSH2|Win32.Build.0 = Debug|Win32
		{1E6C2C1C-6453-4129-AE3F-0EE8E6599C89}.LIB Debug - DLL OpenSSL - DLL LibSSH2|x64.ActiveCfg = Debug|x64
		{1E6C2C1C-6453-4129-AE3F-0EE8E6599C89}.LIB Debug - DLL OpenSSL - DLL LibSSH2|x64.Build.0 = Debug|x64
		{1E6C2C1C-6453-4129-AE3F-0EE8E6599C89}.LIB Debug - DLL OpenSSL|Win32.ActiveCfg = Debug|Win32
		{1E6C2C1C-6453-4129-AE3F-0EE8E6599C89}.LIB Debug - DLL OpenSSL|Win32.Build.0 = Debug|Win32
		{1E6C2C1C-6453-4129-AE3F-0EE8E6599C89}.LIB Debug - DLL OpenSSL|x64.ActiveCfg = Debug|x64
		{1E6C2C1C-6453-4129-AE3F-0EE8E6599C89}.LIB Debug - DLL OpenSSL|x64.Build.0 = Debug|x64
		{1E6C2C1C-6453-4129-AE3F-0EE8E6599C89}.LIB Debug - DLL Windows SSPI - DLL WinIDN|Win32.ActiveCfg = Debug|Win32
		{1E6C2C1C-6453-4129-AE3F-0EE8E6599C89}.LIB Debug - DLL Windows SSPI - DLL WinIDN|Win32.Build.0 = Debug|Win32
		{1E6C2C1C-6453-4129-AE3F-0EE8E6599C89}.LIB Debug - DLL Windows SSPI - DLL WinIDN|x64.ActiveCfg = Debug|x64
		{1E6C2C1C-6453-4129-AE3F-0EE8E6599C89}.LIB Debug - DLL Windows SSPI - DLL WinIDN|x64.Build.0 = Debug|x64
		{1E6C2C1C-6453-4129-AE3F-0EE8E6599C89}.LIB Debug - DLL Windows SSPI|Win32.ActiveCfg = Debug|Win32
		{1E6C2C1C-6453-4129-AE3F-0EE8E6599C89}.LIB Debug - DLL Windows SSPI|Win32.Build.0 = Debug|Win32
		{1E6C2C1C-6453-4129-AE3F-0EE8E6599C89}.LIB Debug - DLL Windows SSPI|x64.ActiveCfg = Debug|x64
		{1E6C2C1C-6453-4129-AE3F-0EE8E6599C89}.LIB Debug - DLL Windows SSPI|x64.Build.0 = Debug|x64
		{1E6C2C1C-6453-4129-AE3F-0EE8E6599C89}.LIB Debug - LIB OpenSSL - LIB LibSSH2|Win32.ActiveCfg = Debug|Win32
		{1E6C2C1C-6453-4129-AE3F-0EE8E6599C89}.LIB Debug - LIB OpenSSL - LIB LibSSH2|Win32.Build.0 = Debug|Win32
		{1E6C2C1C-6453-4129-AE3F-0EE8E6599C89}.LIB Debug - LIB OpenSSL - LIB LibSSH2|x64.ActiveCfg = Debug|x64
		{1E6C2C1C-6453-4129-AE3F-0EE8E6599C89}.LIB Debug - LIB OpenSSL - LIB LibSSH2|x64.Build.0 = Debug|x64
		{1E6C2C1C-6453-4129-AE3F-0EE8E6599C89}.LIB Debug - LIB OpenSSL|Win32.ActiveCfg = Debug|Win32
		{1E6C2C1C-6453-4129-AE3F-0EE8E6599C89}.LIB Debug - LIB OpenSSL|Win32.Build.0 = Debug|Win32
		{1E6C2C1C-6453-4129-AE3F-0EE8E6599C89}.LIB Debug - LIB OpenSSL|x64.ActiveCfg = Debug|x64
		{1E6C2C1C-6453-4129-AE3F-0EE8E6599C89}.LIB Debug - LIB OpenSSL|x64.Build.0 = Debug|x64
		{1E6C2C1C-6453-4129-AE3F-0EE8E6599C89}.LIB Debug|Win32.ActiveCfg = Debug|Win32
		{1E6C2C1C-6453-4129-AE3F-0EE8E6599C89}.LIB Debug|Win32.Build.0 = Debug|Win32
		{1E6C2C1C-6453-4129-AE3F-0EE8E6599C89}.LIB Debug|x64.ActiveCfg = Debug|x64
		{1E6C2C1C-6453-4129-AE3F-0EE8E6599C89}.LIB Debug|x64.Build.0 = Debug|x64
		{1E6C2C1C-6453-4129-AE3F-0EE8E6599C89}.LIB Release - DLL OpenSSL - DLL LibSSH2|Win32.ActiveCfg = Release|Win32
		{1E6C2C1C-6453-4129-AE3F-0EE8E6599C89}.LIB Release - DLL OpenSSL - DLL LibSSH2|Win32.Build.0 = Release|Win32
		{1E6C2C1C-6453-4129-AE3F-0EE8E6599C89}.LIB Release - DLL OpenSSL - DLL LibSSH2|x64.ActiveCfg = Release|x64
		{1E6C2C1C-6453-4129-AE3F-0EE8E6599C89}.LIB Release - DLL OpenSSL - DLL LibSSH2|x64.Build.0 = Release|x64
		{1E6C2C1C-6453-4129-AE3F-0EE8E6599C89}.LIB Release - DLL OpenSSL|Win32.ActiveCfg = Release|Win32
		{1E6C2C1C-6453-4129-AE3F-0EE8E6599C89}.LIB Release - DLL OpenSSL|Win32.Build.0 = Release|Win32
		{1E6C2C1C-6453-4129-AE3F-0EE8E6599C89}.LIB Release - DLL OpenSSL|x64.ActiveCfg = Release|x64
		{1E6C2C1C-6453-4129-AE3F-0EE8E6599C89}.LIB Release - DLL OpenSSL|x64.Build.0 = Release|x64
		{1E6C2C1C-6453-4129-AE3F-0EE8E6599C89}.LIB Release - DLL Windows SSPI - DLL WinIDN|Win32.ActiveCfg = Release|Win32
		{1E6C2C1C-6453-4129-AE3F-0EE8E6599C89}.LIB Release - DLL Windows SSPI - DLL WinIDN|Win32.Build.0 = Release|Win32
		{1E6C2C1C-6453-4129-AE3F-0EE8E6599C89}.LIB Release - DLL Windows SSPI - DLL WinIDN|x64.ActiveCfg = Release|x64
		{1E6C2C1C-6453-4129-AE3F-0EE8E6599C89}.LIB Release - DLL Windows SSPI - DLL WinIDN|x64.Build.0 = Release|x64
		{1E6C2C1C-6453-4129-AE3F-0EE8E6599C89}.LIB Release - DLL Windows SSPI|Win32.ActiveCfg = Release|Win32
		{1E6C2C1C-6453-4129-AE3F-0EE8E6599C89}.LIB Release - DLL Windows SSPI|Win32.Build.0 = Release|Win32
		{1E6C2C1C-6453-4129-AE3F-0EE8E6599C89}.LIB Release - DLL Windows SSPI|x64.ActiveCfg = Release|x64
		{1E6C2C1C-6453-4129-AE3F-0EE8E6599C89}.LIB Release - DLL Windows SSPI|x64.Build.0 = Release|x64
		{1E6C2C1C-6453-4129-AE3F-0EE8E6599C89}.LIB Release - LIB OpenSSL - LIB LibSSH2|Win32.ActiveCfg = Release|Win32
		{1E6C2C1C-6453-4129-AE3F-0EE8E6599C89}.LIB Release - LIB OpenSSL - LIB LibSSH2|Win32.Build.0 = Release|Win32
		{1E6C2C1C-6453-4129-AE3F-0EE8E6599C89}.LIB Release - LIB OpenSSL - LIB LibSSH2|x64.ActiveCfg = Release|x64
		{1E6C2C1C-6453-4129-AE3F-0EE8E6599C89}.LIB Release - LIB OpenSSL - LIB LibSSH2|x64.Build.0 = Release|x64
		{1E6C2C1C-6453-4129-AE3F-0EE8E6599C89}.LIB Release - LIB OpenSSL|Win32.ActiveCfg = Release|Win32
		{1E6C2C1C-6453-4129-AE3F-0EE8E6599C89}.LIB Release - LIB OpenSSL|Win32.Build.0 = Release|Win32
		{1E6C2C1C-6453-4129-AE3F-0EE8E6599C89}.LIB Release - LIB OpenSSL|x64.ActiveCfg = Release|x64
		{1E6C2C1C-6453-4129-AE3F-0EE8E6599C89}.LIB Release - LIB OpenSSL|x64.Build.0 = Release|x64
		{1E6C2C1C-6453-4129-AE3F-0EE8E6599C89}.LIB Release|Win32.ActiveCfg = Release|Win32
		{1E6C2C1C-6453-4129-AE3F-0EE8E6599C89}.LIB Release|Win32.Build.0 = Release|Win32
		{1E6C2C1C-6453-4129-AE3F-0EE8E6599C89}.LIB Release|x64.ActiveCfg = Release|x64
		{1E6C2C1C-6453-4129-AE3F-0EE8E6599C89}.LIB Release|x64.Build.0 = Release|x64
		{1E6C2C1C-6453-4129-AE3F-0EE8E6599C89}.Release|Win32.ActiveCfg = Release|Win32
		{1E6C2C1C-6453-4129-AE3F-0EE8E6599C89}.Release|Win32.Build.0 = Release|Win32
		{1E6C2C1C-6453-4129-AE3F-0EE8E6599C89}.Release|x64.ActiveCfg = Release|x64
		{1E6C2C1C-6453-4129-AE3F-0EE8E6599C89}.Release|x64.Build.0 = Release|x64
		{A7156722-2897-4EEA-B38F-5D398DEBB265}.Debug|Win32.ActiveCfg = Debug|Win32
		{A7156722-2897-4EEA-B38F-5D398DEBB265}.Debug|x64.ActiveCfg = Debug|Win32
		{A7156722-2897-4EEA-B38F-5D398DEBB265}.DLL Debug - DLL OpenSSL - DLL LibSSH2|Win32.ActiveCfg = Debug|Win32
		{A7156722-2897-4EEA-B38F-5D398DEBB265}.DLL Debug - DLL OpenSSL - DLL LibSSH2|Win32.Build.0 = Debug|Win32
		{A7156722-2897-4EEA-B38F-5D398DEBB265}.DLL Debug - DLL OpenSSL - DLL LibSSH2|x64.ActiveCfg = Debug|Win32
		{A7156722-2897-4EEA-B38F-5D398DEBB265}.DLL Debug - DLL OpenSSL|Win32.ActiveCfg = Debug|Win32
		{A7156722-2897-4EEA-B38F-5D398DEBB265}.DLL Debug - DLL OpenSSL|Win32.Build.0 = Debug|Win32
		{A7156722-2897-4EEA-B38F-5D398DEBB265}.DLL Debug - DLL OpenSSL|x64.ActiveCfg = Debug|Win32
		{A7156722-2897-4EEA-B38F-5D398DEBB265}.DLL Debug - DLL Windows SSPI - DLL WinIDN|Win32.ActiveCfg = Debug|Win32
		{A7156722-2897-4EEA-B38F-5D398DEBB265}.DLL Debug - DLL Windows SSPI - DLL WinIDN|Win32.Build.0 = Debug|Win32
		{A7156722-2897-4EEA-B38F-5D398DEBB265}.DLL Debug - DLL Windows SSPI - DLL WinIDN|x64.ActiveCfg = Debug|Win32
		{A7156722-2897-4EEA-B38F-5D398DEBB265}.DLL Debug - DLL Windows SSPI|Win32.ActiveCfg = Debug|Win32
		{A7156722-2897-4EEA-B38F-5D398DEBB265}.DLL Debug - DLL Windows SSPI|Win32.Build.0 = Debug|Win32
		{A7156722-2897-4EEA-B38F-5D398DEBB265}.DLL Debug - DLL Windows SSPI|x64.ActiveCfg = Debug|Win32
		{A7156722-2897-4EEA-B38F-5D398DEBB265}.DLL Debug|Win32.ActiveCfg = Debug|Win32
		{A7156722-2897-4EEA-B38F-5D398DEBB265}.DLL Debug|Win32.Build.0 = Debug|Win32
		{A7156722-2897-4EEA-B38F-5D398DEBB265}.DLL Debug|x64.ActiveCfg = Debug|Win32
		{A7156722-2897-4EEA-B38F-5D398DEBB265}.DLL Release - DLL OpenSSL - DLL LibSSH2|Win32.ActiveCfg = Release|Win32
		{A7156722-2897-4EEA-B38F-5D398DEBB265}.DLL Release - DLL OpenSSL - DLL LibSSH2|Win32.Build.0 = Release|Win32
		{A7156722-2897-4EEA-B38F-5D398DEBB265}.DLL Release - DLL OpenSSL - DLL LibSSH2|x64.ActiveCfg = Release|Win32
		{A7156722-2897-4EEA-B38F-5D398DEBB265}.DLL Release - DLL OpenSSL|Win32.ActiveCfg = Release|Win32
		{A7156722-2897-4EEA-B38F-5D398DEBB265}.DLL Release - DLL OpenSSL|Win32.Build.0 = Release|Win32
		{A7156722-2897-4EEA-B38F-5D398DEBB265}.DLL Release - DLL OpenSSL|x64.ActiveCfg = Release|Win32
		{A7156722-2897-4EEA-B38F-5D398DEBB265}.DLL Release - DLL Windows SSPI - DLL WinIDN|Win32.ActiveCfg = Release|Win32
		{A7156722-2897-4EEA-B38F-5D398DEBB265}.DLL Release - DLL Windows SSPI - DLL WinIDN|Win32.Build.0 = Release|Win32
		{A7156722-2897-4EEA-B38F-5D398DEBB265}.DLL Release - DLL Windows SSPI - DLL WinIDN|x64.ActiveCfg = Release|Win32
		{A7156722-2897-4EEA-B38F-5D398DEBB265}.DLL Release - DLL Windows SSPI|Win32.ActiveCfg = Release|Win32
		{A7156722-2897-4EEA-B38F-5D398DEBB265}.DLL Release - DLL Windows SSPI|Win32.Build.0 = Release|Win32
		{A7156722-2897-4EEA-B38F-5D398DEBB265}.DLL Release - DLL Windows SSPI|x64.ActiveCfg = Release|Win32
		{A7156722-2897-4EEA-B38F-5D398DEBB265}.DLL Release|Win32.ActiveCfg = Release|Win32
		{A7156722-2897-4EEA-B38F-5D398DEBB265}.DLL Release|Win32.Build.0 = Release|Win32
		{A7156722-2897-4EEA-B38F-5D398DEBB265}.DLL Release|x64.ActiveCfg = Release|Win32
		{A7156722-2897-4EEA-B38F-5D398DEBB265}.LIB Debug - DLL OpenSSL - DLL LibSSH2|Win32.ActiveCfg = Debug|Win32
		{A7156722-2897-4EEA-B38F-5D398DEBB265}.LIB Debug - DLL OpenSSL - DLL LibSSH2|Win32.Build.0 = Debug|Win32
		{A7156722-2897-4EEA-B38F-5D398DEBB265}.LIB Debug - DLL OpenSSL - DLL LibSSH2|x64.ActiveCfg = Debug|Win32
		{A7156722-2897-4EEA-B38F-5D398DEBB265}.LIB Debug - DLL OpenSSL|Win32.ActiveCfg = Debug|Win32
		{A7156722-2897-4EEA-B38F-5D398DEBB265}.LIB Debug - DLL OpenSSL|Win32.Build.0 = Debug|Win32
		{A7156722-2897-4EEA-B38F-5D398DEBB265}.LIB Debug - DLL OpenSSL|x64.ActiveCfg = Debug|Win32
		{A7156722-2897-4EEA-B38F-5D398DEBB265}.LIB Debug - DLL Windows SSPI - DLL WinIDN|Win32.ActiveCfg = Debug|Win32
		{A7156722-2897-4EEA-B38F-5D398DEBB265}.LIB Debug - DLL Windows SSPI - DLL WinIDN|Win32.Build.0 = Debug|Win32
		{A7156722-2897-4EEA-B38F-5D398DEBB265}.LIB Debug - DLL Windows SSPI - DLL WinIDN|x64.ActiveCfg = Debug|Win32
		{A7156722-2897-4EEA-B38F-5D398DEBB265}.LIB Debug - DLL Windows SSPI|Win32.ActiveCfg = Debug|Win32
		{A7156722-2897-4EEA-B38F-5D398DEBB265}.LIB Debug - DLL Windows SSPI|Win32.Build.0 = Debug|Win32
		{A7156722-2897-4EEA-B38F-5D398DEBB265}.LIB Debug - DLL Windows SSPI|x64.ActiveCfg = Debug|Win32
		{A7156722-2897-4EEA-B38F-5D398DEBB265}.LIB Debug - LIB OpenSSL - LIB LibSSH2|Win32.ActiveCfg = Debug|Win32
		{A7156722-2897-4EEA-B38F-5D398DEBB265}.LIB Debug - LIB OpenSSL - LIB LibSSH2|Win32.Build.0 = Debug|Win32
		{A7156722-2897-4EEA-B38F-5D398DEBB265}.LIB Debug - LIB OpenSSL - LIB LibSSH2|x64.ActiveCfg = Debug|Win32
		{A7156722-2897-4EEA-B38F-5D398DEBB265}.LIB Debug - LIB OpenSSL|Win32.ActiveCfg = Debug|Win32
		{A7156722-2897-4EEA-B38F-5D398DEBB265}.LIB Debug - LIB OpenSSL|Win32.Build.0 = Debug|Win32
		{A7156722-2897-4EEA-B38F-5D398DEBB265}.LIB Debug - LIB OpenSSL|x64.ActiveCfg = Debug|Win32
		{A7156722-2897-4EEA-B38F-5D398DEBB265}.LIB Debug|Win32.ActiveCfg = Debug|Win32
		{A7156722-2897-4EEA-B38F-5D398DEBB265}.LIB Debug|Win32.Build.0 = Debug|Win32
		{A7156722-2897-4EEA-B38F-5D398DEBB265}.LIB Debug|x64.ActiveCfg = Debug|Win32
		{A7156722-2897-4EEA-B38F-5D398DEBB265}.LIB Release - DLL OpenSSL - DLL LibSSH2|Win32.ActiveCfg = Release|Win32
		{A7156722-2897-4EEA-B38F-5D398DEBB265}.LIB Release - DLL OpenSSL - DLL LibSSH2|Win32.Build.0 = Release|Win32
		{A7156722-2897-4EEA-B38F-5D398DEBB265}.LIB Release - DLL OpenSSL - DLL LibSSH2|x64.ActiveCfg = Release|Win32
		{A7156722-2897-4EEA-B38F-5D398DEBB265}.LIB Release - DLL OpenSSL|Win32.ActiveCfg = Release|Win32
		{A7156722-2897-4EEA-B38F-5D398DEBB265}.LIB Release - DLL OpenSSL|Win32.Build.0 = Release|Win32
		{A7156722-2897-4EEA-B38F-5D398DEBB265}.LIB Release - DLL OpenSSL|x64.ActiveCfg = Release|Win32
		{A7156722-2897-4EEA-B38F-5D398DEBB265}.LIB Release - DLL Windows SSPI - DLL WinIDN|Win32.ActiveCfg = Release|Win32
		{A7156722-2897-4EEA-B38F-5D398DEBB265}.LIB Release - DLL Windows SSPI - DLL WinIDN|Win32.Build.0 = Release|Win32
		{A7156722-2897-4EEA-B38F-5D398DEBB265}.LIB Release - DLL Windows SSPI - DLL WinIDN|x64.ActiveCfg = Release|Win32
		{A7156722-2897-4EEA-B38F-5D398DEBB265}.LIB Release - DLL Windows SSPI|Win32.ActiveCfg = Release|Win32
		{A7156722-2897-4EEA-B38F-5D398DEBB265}.LIB Release - DLL Windows SSPI|Win32.Build.0 = Release|Win32
		{A7156722-2897-4EEA-B38F-5D398DEBB265}.LIB Release - DLL Windows SSPI|x64.ActiveCfg = Release|Win32
		{A7156722-2897-4EEA-B38F-5D398DEBB265}.LIB Release - LIB OpenSSL - LIB LibSSH2|Win32.ActiveCfg = Release|Win32
		{A7156722-2897-4EEA-B38F-5D398DEBB265}.LIB Release - LIB OpenSSL - LIB LibSSH2|Win32.Build.0 = Release|Win32
		{A7156722-2897-4EEA-B38F-5D398DEBB265}.LIB Release - LIB OpenSSL - LIB LibSSH2|x64.ActiveCfg = Release|Win32
		{A7156722-2897-4EEA-B38F-5D398DEBB265}.LIB Release - LIB OpenSSL|Win32.ActiveCfg = Release|Win32
		{A7156722-2897-4EEA-B38F-5D398DEBB265}.LIB Release - LIB OpenSSL|Win32.Build.0 = Release|Win32
		{A7156722-2897-4EEA-B38F-5D398DEBB265}.LIB Release - LIB OpenSSL|x64.ActiveCfg = Release|Win32
		{A7156722-2897-4EEA-B38F-5D398DEBB265}.LIB Release|Win32.ActiveCfg = Release|Win32
		{A7156722-2897-4EEA-B38F-5D398DEBB265}.LIB Release|Win32.Build.0 = Release|Win32
		{A7156722-2897-4EEA-B38F-5D398DEBB265}.LIB Release|x64.ActiveCfg = Release|Win32
		{A7156722-2897-4EEA-B38F-5D398DEBB265}.Release|Win32.ActiveCfg = Release|Win32
		{A7156722-2897-4EEA-B38F-5D398DEBB265}.Release|Win32.Build.0 = Release|Win32
		{A7156722-2897-4EEA-B38F-5D398DEBB265}.Release|x64.ActiveCfg = Release|Win32
		{E7651200-F926-4AE6-BA32-01C617DB5FFA}.Debug|Win32.ActiveCfg = Debug|Win32
		{E7651200-F926-4AE6-BA32-01C617DB5FFA}.Debug|Win32.Build.0 = Debug|Win32
		{E7651200-F926-4AE6-BA32-01C617DB5FFA}.Debug|x64.ActiveCfg = Debug|Win32
		{E7651200-F926-4AE6-BA32-01C617DB5FFA}.DLL Debug - DLL OpenSSL - DLL LibSSH2|Win32.ActiveCfg = Debug|Win32
		{E7651200-F926-4AE6-BA32-01C617DB5FFA}.DLL Debug - DLL OpenSSL - DLL LibSSH2|Win32.Build.0 = Debug|Win32
		{E7651200-F926-4AE6-BA32-01C617DB5FFA}.DLL Debug - DLL OpenSSL - DLL LibSSH2|x64.ActiveCfg = Debug|Win32
		{E7651200-F926-4AE6-BA32-01C617DB5FFA}.DLL Debug - DLL OpenSSL|Win32.ActiveCfg = Debug|Win32
		{E7651200-F926-4AE6-BA32-01C617DB5FFA}.DLL Debug - DLL OpenSSL|Win32.Build.0 = Debug|Win32
		{E7651200-F926-4AE6-BA32-01C617DB5FFA}.DLL Debug - DLL OpenSSL|x64.ActiveCfg = Debug|Win32
		{E7651200-F926-4AE6-BA32-01C617DB5FFA}.DLL Debug - DLL Windows SSPI - DLL WinIDN|Win32.ActiveCfg = Debug|Win32
		{E7651200-F926-4AE6-BA32-01C617DB5FFA}.DLL Debug - DLL Windows SSPI - DLL WinIDN|Win32.Build.0 = Debug|Win32
		{E7651200-F926-4AE6-BA32-01C617DB5FFA}.DLL Debug - DLL Windows SSPI - DLL WinIDN|x64.ActiveCfg = Debug|Win32
		{E7651200-F926-4AE6-BA32-01C617DB5FFA}.DLL Debug - DLL Windows SSPI|Win32.ActiveCfg = Debug|Win32
		{E7651200-F926-4AE6-BA32-01C617DB5FFA}.DLL Debug - DLL Windows SSPI|Win32.Build.0 = Debug|Win32
		{E7651200-F926-4AE6-BA32-01C617DB5FFA}.DLL Debug - DLL Windows SSPI|x64.ActiveCfg = Debug|Win32
		{E7651200-F926-4AE6-BA32-01C617DB5FFA}.DLL Debug|Win32.ActiveCfg = Debug|Win32
		{E7651200-F926-4AE6-BA32-01C617DB5FFA}.DLL Debug|Win32.Build.0 = Debug|Win32
		{E7651200-F926-4AE6-BA32-01C617DB5FFA}.DLL Debug|x64.ActiveCfg = Debug|Win32
		{E7651200-F926-4AE6-BA32-01C617DB5FFA}.DLL Release - DLL OpenSSL - DLL LibSSH2|Win32.ActiveCfg = Release|Win32
		{E7651200-F926-4AE6-BA32-01C617DB5FFA}.DLL Release - DLL OpenSSL - DLL LibSSH2|Win32.Build.0 = Release|Win32
		{E7651200-F926-4AE6-BA32-01C617DB5FFA}.DLL Release - DLL OpenSSL - DLL LibSSH2|x64.ActiveCfg = Release|Win32
		{E7651200-F926-4AE6-BA32-01C617DB5FFA}.DLL Release - DLL OpenSSL|Win32.ActiveCfg = Release|Win32
		{E7651200-F926-4AE6-BA32-01C617DB5FFA}.DLL Release - DLL OpenSSL|Win32.Build.0 = Release|Win32
		{E7651200-F926-4AE6-BA32-01C617DB5FFA}.DLL Release - DLL OpenSSL|x64.ActiveCfg = Release|Win32
		{E7651200-F926-4AE6-BA32-01C617DB5FFA}.DLL Release - DLL Windows SSPI - DLL WinIDN|Win32.ActiveCfg = Release|Win32
		{E7651200-F926-4AE6-BA32-01C617DB5FFA}.DLL Release - DLL Windows SSPI - DLL WinIDN|Win32.Build.0 = Release|Win32
		{E7651200-F926-4AE6-BA32-01C617DB5FFA}.DLL Release - DLL Windows SSPI - DLL WinIDN|x64.ActiveCfg = Release|Win32
		{E7651200-F926-4AE6-BA32-01C617DB5FFA}.DLL Release - DLL Windows SSPI|Win32.ActiveCfg = Release|Win32
		{E7651200-F926-4AE6-BA32-01C617DB5FFA}.DLL Release - DLL Windows SSPI|Win32.Build.0 = Release|Win32
		{E7651200-F926-4AE6-BA32-01C617DB5FFA}.DLL Release - DLL Windows SSPI|x64.ActiveCfg = Release|Win32
		{E7651200-F926-4AE6-BA32-01C617DB5FFA}.DLL Release|Win32.ActiveCfg = Release|Win32
		{E7651200-F926-4AE6-BA32-01C617DB5FFA}.DLL Release|Win32.Build.0 = Release|Win32
		{E7651200-F926-4AE6-BA32-01C617DB5FFA}.DLL Release|x64.ActiveCfg = Release|Win32
		{E7651200-F926-4AE6-BA32-01C617DB5FFA}.LIB Debug - DLL OpenSSL - DLL LibSSH2|Win32.ActiveCfg = Debug|Win32
		{E7651200-F926-4AE6-BA32-01C617DB5FFA}.LIB Debug - DLL OpenSSL - DLL LibSSH2|Win32.Build.0 = Debug|Win32
		{E7651200-F926-4AE6-BA32-01C617DB5FFA}.LIB Debug - DLL OpenSSL - DLL LibSSH2|x64.ActiveCfg = Debug|Win32
		{E7651200-F926-4AE6-BA32-01C617DB5FFA}.LIB Debug - DLL OpenSSL|Win32.ActiveCfg = Debug|Win32
		{E7651200-F926-4AE6-BA32-01C617DB5FFA}.LIB Debug - DLL OpenSSL|Win32.Build.0 = Debug|Win32
		{E7651200-F926-4AE6-BA32-01C617DB5FFA}.LIB Debug - DLL OpenSSL|x64.ActiveCfg = Debug|Win32
		{E7651200-F926-4AE6-BA32-01C617DB5FFA}.LIB Debug - DLL Windows SSPI - DLL WinIDN|Win32.ActiveCfg = Debug|Win32
		{E7651200-F926-4AE6-BA32-01C617DB5FFA}.LIB Debug - DLL Windows SSPI - DLL WinIDN|Win32.Build.0 = Debug|Win32
		{E7651200-F926-4AE6-BA32-01C617DB5FFA}.LIB Debug - DLL Windows SSPI - DLL WinIDN|x64.ActiveCfg = Debug|Win32
		{E7651200-F926-4AE6-BA32-01C617DB5FFA}.LIB Debug - DLL Windows SSPI|Win32.ActiveCfg = Debug|Win32
		{E7651200-F926-4AE6-BA32-01C617DB5FFA}.LIB Debug - DLL Windows SSPI|Win32.Build.0 = Debug|Win32
		{E7651200-F926-4AE6-BA32-01C617DB5FFA}.LIB Debug - DLL Windows SSPI|x64.ActiveCfg = Debug|Win32
		{E7651200-F926-4AE6-BA32-01C617DB5FFA}.LIB Debug - LIB OpenSSL - LIB LibSSH2|Win32.ActiveCfg = Debug|Win32
		{E7651200-F926-4AE6-BA32-01C617DB5FFA}.LIB Debug - LIB OpenSSL - LIB LibSSH2|Win32.Build.0 = Debug|Win32
		{E7651200-F926-4AE6-BA32-01C617DB5FFA}.LIB Debug - LIB OpenSSL - LIB LibSSH2|x64.ActiveCfg = Debug|Win32
		{E7651200-F926-4AE6-BA32-01C617DB5FFA}.LIB Debug - LIB OpenSSL|Win32.ActiveCfg = Debug|Win32
		{E7651200-F926-4AE6-BA32-01C617DB5FFA}.LIB Debug - LIB OpenSSL|Win32.Build.0 = Debug|Win32
		{E7651200-F926-4AE6-BA32-01C617DB5FFA}.LIB Debug - LIB OpenSSL|x64.ActiveCfg = Debug|Win32
		{E7651200-F926-4AE6-BA32-01C617DB5FFA}.LIB Debug|Win32.ActiveCfg = Debug|Win32
		{E7651200-F926-4AE6-BA32-01C617DB5FFA}.LIB Debug|Win32.Build.0 = Debug|Win32
		{E7651200-F926-4AE6-BA32-01C617DB5FFA}.LIB Debug|x64.ActiveCfg = Debug|Win32
		{E7651200-F926-4AE6-BA32-01C617DB5FFA}.LIB Release - DLL OpenSSL - DLL LibSSH2|Win32.ActiveCfg = Release|Win32
		{E7651200-F926-4AE6-BA32-01C617DB5FFA}.LIB Release - DLL OpenSSL - DLL LibSSH2|Win32.Build.0 = Release|Win32
		{E7651200-F926-4AE6-BA32-01C617DB5FFA}.LIB Release - DLL OpenSSL - DLL LibSSH2|x64.ActiveCfg = Release|Win32
		{E7651200-F926-4AE6-BA32-01C617DB5FFA}.LIB Release - DLL OpenSSL|Win32.ActiveCfg = Release|Win32
		{E7651200-F926-4AE6-BA32-01C617DB5FFA}.LIB Release - DLL OpenSSL|Win32.Build.0 = Release|Win32
		{E7651200-F926-4AE6-BA32-01C617DB5FFA}.LIB Release - DLL OpenSSL|x64.ActiveCfg = Release|Win32
		{E7651200-F926-4AE6-BA32-01C617DB5FFA}.LIB Release - DLL Windows SSPI - DLL WinIDN|Win32.ActiveCfg = Release|Win32
		{E7651200-F926-4AE6-BA32-01C617DB5FFA}.LIB Release - DLL Windows SSPI - DLL WinIDN|Win32.Build.0 = Release|Win32
		{E7651200-F926-4AE6-BA32-01C617DB5FFA}.LIB Release - DLL Windows SSPI - DLL WinIDN|x64.ActiveCfg = Release|Win32
		{E7651200-F926-4AE6-BA32-01C617DB5FFA}.LIB Release - DLL Windows SSPI|Win32.ActiveCfg = Release|Win32
		{E7651200-F926-4AE6-BA32-01C617DB5FFA}.LIB Release - DLL Windows SSPI|Win32.Build.0 = Release|Win32
		{E7651200-F926-4AE6-BA32-01C617DB5FFA}.LIB Release - DLL Windows SSPI|x64.ActiveCfg = Release|Win32
		{E7651200-F926-4AE6-BA32-01C617DB5FFA}.LIB Release - LIB OpenSSL - LIB LibSSH2|Win32.ActiveCfg = Release|Win32
		{E7651200-F926-4AE6-BA32-01C617DB5FFA}.LIB Release - LIB OpenSSL - LIB LibSSH2|Win32.Build.0 = Release|Win32
		{E7651200-F926-4AE6-BA32-01C617DB5FFA}.LIB Release - LIB OpenSSL - LIB LibSSH2|x64.ActiveCfg = Release|Win32
		{E7651200-F926-4AE6-BA32-01C617DB5FFA}.LIB Release - LIB OpenSSL|Win32.ActiveCfg = Release|Win32
		{E7651200-F926-4AE6-BA32-01C617DB5FFA}.LIB Release - LIB OpenSSL|Win32.Build.0 = Release|Win32
		{E7651200-F926-4AE6-BA32-01C617DB5FFA}.LIB Release - LIB OpenSSL|x64.ActiveCfg = Release|Win32
		{E7651200-F926-4AE6-BA32-01C617DB5FFA}.LIB Release|Win32.ActiveCfg = Release|Win32
		{E7651200-F926-4AE6-BA32-01C617DB5FFA}.LIB Release|Win32.Build.0 = Release|Win32
		{E7651200-F926-4AE6-BA32-01C617DB5FFA}.LIB Release|x64.ActiveCfg = Release|Win32
		{E7651200-F926-4AE6-BA32-01C617DB5FFA}.Release|Win32.ActiveCfg = Release|Win32
		{E7651200-F926-4AE6-BA32-01C617DB5FFA}.Release|Win32.Build.0 = Release|Win32
		{E7651200-F926-4AE6-BA32-01C617DB5FFA}.Release|x64.ActiveCfg = Release|Win32
		{CB1C5AF2-71E4-4DD9-8538-69EC58778869}.Debug|Win32.ActiveCfg = Debug|Win32
		{CB1C5AF2-71E4-4DD9-8538-69EC58778869}.Debug|Win32.Build.0 = Debug|Win32
		{CB1C5AF2-71E4-4DD9-8538-69EC58778869}.Debug|x64.ActiveCfg = Debug|Win32
		{CB1C5AF2-71E4-4DD9-8538-69EC58778869}.DLL Debug - DLL OpenSSL - DLL LibSSH2|Win32.ActiveCfg = Debug|Win32
		{CB1C5AF2-71E4-4DD9-8538-69EC58778869}.DLL Debug - DLL OpenSSL - DLL LibSSH2|Win32.Build.0 = Debug|Win32
		{CB1C5AF2-71E4-4DD9-8538-69EC58778869}.DLL Debug - DLL OpenSSL - DLL LibSSH2|x64.ActiveCfg = Debug|Win32
		{CB1C5AF2-71E4-4DD9-8538-69EC58778869}.DLL Debug - DLL OpenSSL|Win32.ActiveCfg = Debug|Win32
		{CB1C5AF2-71E4-4DD9-8538-69EC58778869}.DLL Debug - DLL OpenSSL|Win32.Build.0 = Debug|Win32
		{CB1C5AF2-71E4-4DD9-8538-69EC58778869}.DLL Debug - DLL OpenSSL|x64.ActiveCfg = Debug|Win32
		{CB1C5AF2-71E4-4DD9-8538-69EC58778869}.DLL Debug - DLL Windows SSPI - DLL WinIDN|Win32.ActiveCfg = Debug|Win32
		{CB1C5AF2-71E4-4DD9-8538-69EC58778869}.DLL Debug - DLL Windows SSPI - DLL WinIDN|Win32.Build.0 = Debug|Win32
		{CB1C5AF2-71E4-4DD9-8538-69EC58778869}.DLL Debug - DLL Windows SSPI - DLL WinIDN|x64.ActiveCfg = Debug|Win32
		{CB1C5AF2-71E4-4DD9-8538-69EC58778869}.DLL Debug - DLL Windows SSPI|Win32.ActiveCfg = Debug|Win32
		{CB1C5AF2-71E4-4DD9-8538-69EC58778869}.DLL Debug - DLL Windows SSPI|Win32.Build.0 = Debug|Win32
		{CB1C5AF2-71E4-4DD9-8538-69EC58778869}.DLL Debug - DLL Windows SSPI|x64.ActiveCfg = Debug|Win32
		{CB1C5AF2-71E4-4DD9-8538-69EC58778869}.DLL Debug|Win32.ActiveCfg = Debug|Win32
		{CB1C5AF2-71E4-4DD9-8538-69EC58778869}.DLL Debug|Win32.Build.0 = Debug|Win32
		{CB1C5AF2-71E4-4DD9-8538-69EC58778869}.DLL Debug|x64.ActiveCfg = Debug|Win32
		{CB1C5AF2-71E4-4DD9-8538-69EC58778869}.DLL Release - DLL OpenSSL - DLL LibSSH2|Win32.ActiveCfg = Release|Win32
		{CB1C5AF2-71E4-4DD9-8538-69EC58778869}.DLL Release - DLL OpenSSL - DLL LibSSH2|Win32.Build.0 = Release|Win32
		{CB1C5AF2-71E4-4DD9-8538-69EC58778869}.DLL Release - DLL OpenSSL - DLL LibSSH2|x64.ActiveCfg = Release|Win32
		{CB1C5AF2-71E4-4DD9-8538-69EC58778869}.DLL Release - DLL OpenSSL|Win32.ActiveCfg = Release|Win32
		{CB1C5AF2-71E4-4DD9-8538-69EC58778869}.DLL Release - DLL OpenSSL|Win32.Build.0 = Release|Win32
		{CB1C5AF2-71E4-4DD9-8538-69EC58778869}.DLL Release - DLL OpenSSL|x64.ActiveCfg = Release|Win32
		{CB1C5AF2-71E4-4DD9-8538-69EC58778869}.DLL Release - DLL Windows SSPI - DLL WinIDN|Win32.ActiveCfg = Release|Win32
		{CB1C5AF2-71E4-4DD9-8538-69EC58778869}.DLL Release - DLL Windows SSPI - DLL WinIDN|Win32.Build.0 = Release|Win32
		{CB1C5AF2-71E4-4DD9-8538-69EC58778869}.DLL Release - DLL Windows SSPI - DLL WinIDN|x64.ActiveCfg = Release|Win32
		{CB1C5AF2-71E4-4DD9-8538-69EC58778869}.DLL Release - DLL Windows SSPI|Win32.ActiveCfg = Release|Win32
		{CB1C5AF2-71E4-4DD9-8538-69EC58778869}.DLL Release - DLL Windows SSPI|Win32.Build.0 = Release|Win32
		{CB1C5AF2-71E4-4DD9-8538-69EC58778869}.DLL Release - DLL Windows SSPI|x64.ActiveCfg = Release|Win32
		{CB1C5AF2-71E4-4DD9-8538-69EC58778869}.DLL Release|Win32.ActiveCfg = Release|Win32
		{CB1C5AF2-71E4-4DD9-8538-69EC58778869}.DLL Release|Win32.Build.0 = Release|Win32
		{CB1C5AF2-71E4-4DD9-8538-69EC58778869}.DLL Release|x64.ActiveCfg = Release|Win32
		{CB1C5AF2-71E4-4DD9-8538-69EC58778869}.LIB Debug - DLL OpenSSL - DLL LibSSH2|Win32.ActiveCfg = Debug|Win32
		{CB1C5AF2-71E4-4DD9-8538-69EC58778869}.LIB Debug - DLL OpenSSL - DLL LibSSH2|Win32.Build.0 = Debug|Win32
		{CB1C5AF2-71E4-4DD9-8538-69EC58778869}.LIB Debug - DLL OpenSSL - DLL LibSSH2|x64.ActiveCfg = Debug|Win32
		{CB1C5AF2-71E4-4DD9-8538-69EC58778869}.LIB Debug - DLL OpenSSL|Win32.ActiveCfg = Debug|Win32
		{CB1C5AF2-71E4-4DD9-8538-69EC58778869}.LIB Debug - DLL OpenSSL|Win32.Build.0 = Debug|Win32
		{CB1C5AF2-71E4-4DD9-8538-69EC58778869}.LIB Debug - DLL OpenSSL|x64.ActiveCfg = Debug|Win32
		{CB1C5AF2-71E4-4DD9-8538-69EC58778869}.LIB Debug - DLL Windows SSPI - DLL WinIDN|Win32.ActiveCfg = Debug|Win32
		{CB1C5AF2-71E4-4DD9-8538-69EC58778869}.LIB Debug - DLL Windows SSPI - DLL WinIDN|Win32.Build.0 = Debug|Win32
		{CB1C5AF2-71E4-4DD9-8538-69EC58778869}.LIB Debug - DLL Windows SSPI - DLL WinIDN|x64.ActiveCfg = Debug|Win32
		{CB1C5AF2-71E4-4DD9-8538-69EC58778869}.LIB Debug - DLL Windows SSPI|Win32.ActiveCfg = Debug|Win32
		{CB1C5AF2-71E4-4DD9-8538-69EC58778869}.LIB Debug - DLL Windows SSPI|Win32.Build.0 = Debug|Win32
		{CB1C5AF2-71E4-4DD9-8538-69EC58778869}.LIB Debug - DLL Windows SSPI|x64.ActiveCfg = Debug|Win32
		{CB1C5AF2-71E4-4DD9-8538-69EC58778869}.LIB Debug - LIB OpenSSL - LIB LibSSH2|Win32.ActiveCfg = Debug|Win32
		{CB1C5AF2-71E4-4DD9-8538-69EC58778869}.LIB Debug - LIB OpenSSL - LIB LibSSH2|Win32.Build.0 = Debug|Win32
		{CB1C5AF2-71E4-4DD9-8538-69EC58778869}.LIB Debug - LIB OpenSSL - LIB LibSSH2|x64.ActiveCfg = Debug|Win32
		{CB1C5AF2-71E4-4DD9-8538-69EC58778869}.LIB Debug - LIB OpenSSL|Win32.ActiveCfg = Debug|Win32
		{CB1C5AF2-71E4-4DD9-8538-69EC58778869}.LIB Debug - LIB OpenSSL|Win32.Build.0 = Debug|Win32
		{CB1C5AF2-71E4-4DD9-8538-69EC58778869}.LIB Debug - LIB OpenSSL|x64.ActiveCfg = Debug|Win32
		{CB1C5AF2-71E4-4DD9-8538-69EC58778869}.LIB Debug|Win32.ActiveCfg = Debug|Win32
		{CB1C5AF2-71E4-4DD9-8538-69EC58778869}.LIB Debug|Win32.Build.0 = Debug|Win32
		{CB1C5AF2-71E4-4DD9-8538-69EC58778869}.LIB Debug|x64.ActiveCfg = Debug|Win32
		{CB1C5AF2-71E4-4DD9-8538-69EC58778869}.LIB Release - DLL OpenSSL - DLL LibSSH2|Win32.ActiveCfg = Release|Win32
		{CB1C5AF2-71E4-4DD9-8538-69EC58778869}.LIB Release - DLL OpenSSL - DLL LibSSH2|Win32.Build.0 = Release|Win32
		{CB1C5AF2-71E4-4DD9-8538-69EC58778869}.LIB Release - DLL OpenSSL - DLL LibSSH2|x64.ActiveCfg = Release|Win32
		{CB1C5AF2-71E4-4DD9-8538-69EC58778869}.LIB Release - DLL OpenSSL|Win32.ActiveCfg = Release|Win32
		{CB1C5AF2-71E4-4DD9-8538-69EC58778869}.LIB Release - DLL OpenSSL|Win32.Build.0 = Release|Win32
		{CB1C5AF2-71E4-4DD9-8538-69EC58778869}.LIB Release - DLL OpenSSL|x64.ActiveCfg = Release|Win32
		{CB1C5AF2-71E4-4DD9-8538-69EC58778869}.LIB Release - DLL Windows SSPI - DLL WinIDN|Win32.ActiveCfg = Release|Win32
		{CB1C5AF2-71E4-4DD9-8538-69EC58778869}.LIB Release - DLL Windows SSPI - DLL WinIDN|Win32.Build.0 = Release|Win32
		{CB1C5AF2-71E4-4DD9-8538-69EC58778869}.LIB Release - DLL Windows SSPI - DLL WinIDN|x64.ActiveCfg = Release|Win32
		{CB1C5AF2-71E4-4DD9-8538-69EC58778869}.LIB Release - DLL Windows SSPI|Win32.ActiveCfg = Release|Win32
		{CB1C5AF2-71E4-4DD9-8538-69EC58778869}.LIB Release - DLL Windows SSPI|Win32.Build.0 = Release|Win32
		{CB1C5AF2-71E4-4DD9-8538-69EC58778869}.LIB Release - DLL Windows SSPI|x64.ActiveCfg = Release|Win32
		{CB1C5AF2-71E4-4DD9-8538-69EC58778869}.LIB Release - LIB OpenSSL - LIB LibSSH2|Win32.ActiveCfg = Release|Win32
		{CB1C5AF2-71E4-4DD9-8538-69EC58778869}.LIB Release - LIB OpenSSL - LIB LibSSH2|Win32.Build.0 = Release|Win32
		{CB1C5AF2-71E4-4DD9-8538-69EC58778869}.LIB Release - LIB OpenSSL - LIB LibSSH2|x64.ActiveCfg = Release|Win32
		{CB1C5AF2-71E4-4DD9-8538-69EC58778869}.LIB Release - LIB OpenSSL|Win32.ActiveCfg = Release|Win32
		{CB1C5AF2-71E4-4DD9-8538-69EC58778869}.LIB Release - LIB OpenSSL|Win32.Build.0 = Release|Win32
		{CB1C5AF2-71E4-4DD9-8538-69EC58778869}.LIB Release - LIB OpenSSL|x64.ActiveCfg = Release|Win32
		{CB1C5AF2-71E4-4DD9-8538-69EC58778869}.LIB Release|Win32.ActiveCfg = Release|Win32
		{CB1C5AF2-71E4-4DD9-8538-69EC58778869}.LIB Release|Win32.Build.0 = Release|Win32
		{CB1C5AF2-71E4-4DD9-8538-69EC58778869}.LIB Release|x64.ActiveCfg = Release|Win32
		{CB1C5AF2-71E4-4DD9-8538-69EC58778869}.Release|Win32.ActiveCfg = Release|Win32
		{CB1C5AF2-71E4-4DD9-8538-69EC58778869}.Release|Win32.Build.0 = Release|Win32
		{CB1C5AF2-71E4-4DD9-8538-69EC58778869}.Release|x64.ActiveCfg = Release|Win32
	EndGlobalSection
	GlobalSection(SolutionProperties) = preSolution
		HideSolutionNode = FALSE
	EndGlobalSection
	GlobalSection(NestedProjects) = preSolution
		{418E4D66-0F8F-40CC-9AC5-7B01DF520CF9} = {3D0306E3-BA45-4CB0-B6DC-97E3400BD5D1}
		{0465B4B2-752B-432F-BE5C-30C666FA399E} = {3D0306E3-BA45-4CB0-B6DC-97E3400BD5D1}
		{DA6F56B4-06A4-441D-AD70-AC5A7D51FADB} = {4B82FF15-285F-4E43-8FCE-9EA4181D10F1}
		{1E6C2C1C-6453-4129-AE3F-0EE8E6599C89} = {4B82FF15-285F-4E43-8FCE-9EA4181D10F1}
		{A7156722-2897-4EEA-B38F-5D398DEBB265} = {4B82FF15-285F-4E43-8FCE-9EA4181D10F1}
		{E7651200-F926-4AE6-BA32-01C617DB5FFA} = {3D0306E3-BA45-4CB0-B6DC-97E3400BD5D1}
		{CB1C5AF2-71E4-4DD9-8538-69EC58778869} = {3D0306E3-BA45-4CB0-B6DC-97E3400BD5D1}
	EndGlobalSection
EndGlobal
