<?xml version="1.0" encoding="UTF-8" standalone="yes" ?>
<CodeBlocks_project_file>
   <FileVersion major="1" minor="6" />
   <Project>
      <Option title="jsoncpp" />
      <Option makefile_is_custom="1" />
      <Option compiler="gcc" />
      <Option virtualFolders="CMake Files\;CMake Files\src\;CMake Files\src\lib_json\;CMake Files\src\jsontestrunner\;CMake Files\src\test_lib_json\;CMake Files\pkg-config\;CMake Files\include\;" />
      <Build>
      <Target title="all">
         <Option working_dir="D:/proj/cpp/StDownloader/libs/jsoncpp-0.7.0" />
         <Option type="4" />
         <MakeCommands>
            <Build command="G:/Qt/Qt5.2.0/Tools/mingw48_32/bin/mingw32-make.exe -f &quot;D:/proj/cpp/StDownloader/libs/jsoncpp-0.7.0/Makefile&quot;  VERBOSE=1 all" />
            <CompileFile command="G:/Qt/Qt5.2.0/Tools/mingw48_32/bin/mingw32-make.exe -f &quot;D:/proj/cpp/StDownloader/libs/jsoncpp-0.7.0/Makefile&quot;  VERBOSE=1 &quot;$file&quot;" />
            <Clean command="G:/Qt/Qt5.2.0/Tools/mingw48_32/bin/mingw32-make.exe -f &quot;D:/proj/cpp/StDownloader/libs/jsoncpp-0.7.0/Makefile&quot;  VERBOSE=1 clean" />
            <DistClean command="G:/Qt/Qt5.2.0/Tools/mingw48_32/bin/mingw32-make.exe -f &quot;D:/proj/cpp/StDownloader/libs/jsoncpp-0.7.0/Makefile&quot;  VERBOSE=1 clean" />
         </MakeCommands>
      </Target>
      <Target title="edit_cache">
         <Option working_dir="D:/proj/cpp/StDownloader/libs/jsoncpp-0.7.0" />
         <Option type="4" />
         <MakeCommands>
            <Build command="G:/Qt/Qt5.2.0/Tools/mingw48_32/bin/mingw32-make.exe -f &quot;D:/proj/cpp/StDownloader/libs/jsoncpp-0.7.0/Makefile&quot;  VERBOSE=1 edit_cache" />
            <CompileFile command="G:/Qt/Qt5.2.0/Tools/mingw48_32/bin/mingw32-make.exe -f &quot;D:/proj/cpp/StDownloader/libs/jsoncpp-0.7.0/Makefile&quot;  VERBOSE=1 &quot;$file&quot;" />
            <Clean command="G:/Qt/Qt5.2.0/Tools/mingw48_32/bin/mingw32-make.exe -f &quot;D:/proj/cpp/StDownloader/libs/jsoncpp-0.7.0/Makefile&quot;  VERBOSE=1 clean" />
            <DistClean command="G:/Qt/Qt5.2.0/Tools/mingw48_32/bin/mingw32-make.exe -f &quot;D:/proj/cpp/StDownloader/libs/jsoncpp-0.7.0/Makefile&quot;  VERBOSE=1 clean" />
         </MakeCommands>
      </Target>
      <Target title="install">
         <Option working_dir="D:/proj/cpp/StDownloader/libs/jsoncpp-0.7.0" />
         <Option type="4" />
         <MakeCommands>
            <Build command="G:/Qt/Qt5.2.0/Tools/mingw48_32/bin/mingw32-make.exe -f &quot;D:/proj/cpp/StDownloader/libs/jsoncpp-0.7.0/Makefile&quot;  VERBOSE=1 install" />
            <CompileFile command="G:/Qt/Qt5.2.0/Tools/mingw48_32/bin/mingw32-make.exe -f &quot;D:/proj/cpp/StDownloader/libs/jsoncpp-0.7.0/Makefile&quot;  VERBOSE=1 &quot;$file&quot;" />
            <Clean command="G:/Qt/Qt5.2.0/Tools/mingw48_32/bin/mingw32-make.exe -f &quot;D:/proj/cpp/StDownloader/libs/jsoncpp-0.7.0/Makefile&quot;  VERBOSE=1 clean" />
            <DistClean command="G:/Qt/Qt5.2.0/Tools/mingw48_32/bin/mingw32-make.exe -f &quot;D:/proj/cpp/StDownloader/libs/jsoncpp-0.7.0/Makefile&quot;  VERBOSE=1 clean" />
         </MakeCommands>
      </Target>
      <Target title="install/local">
         <Option working_dir="D:/proj/cpp/StDownloader/libs/jsoncpp-0.7.0" />
         <Option type="4" />
         <MakeCommands>
            <Build command="G:/Qt/Qt5.2.0/Tools/mingw48_32/bin/mingw32-make.exe -f &quot;D:/proj/cpp/StDownloader/libs/jsoncpp-0.7.0/Makefile&quot;  VERBOSE=1 install/local" />
            <CompileFile command="G:/Qt/Qt5.2.0/Tools/mingw48_32/bin/mingw32-make.exe -f &quot;D:/proj/cpp/StDownloader/libs/jsoncpp-0.7.0/Makefile&quot;  VERBOSE=1 &quot;$file&quot;" />
            <Clean command="G:/Qt/Qt5.2.0/Tools/mingw48_32/bin/mingw32-make.exe -f &quot;D:/proj/cpp/StDownloader/libs/jsoncpp-0.7.0/Makefile&quot;  VERBOSE=1 clean" />
            <DistClean command="G:/Qt/Qt5.2.0/Tools/mingw48_32/bin/mingw32-make.exe -f &quot;D:/proj/cpp/StDownloader/libs/jsoncpp-0.7.0/Makefile&quot;  VERBOSE=1 clean" />
         </MakeCommands>
      </Target>
      <Target title="install/strip">
         <Option working_dir="D:/proj/cpp/StDownloader/libs/jsoncpp-0.7.0" />
         <Option type="4" />
         <MakeCommands>
            <Build command="G:/Qt/Qt5.2.0/Tools/mingw48_32/bin/mingw32-make.exe -f &quot;D:/proj/cpp/StDownloader/libs/jsoncpp-0.7.0/Makefile&quot;  VERBOSE=1 install/strip" />
            <CompileFile command="G:/Qt/Qt5.2.0/Tools/mingw48_32/bin/mingw32-make.exe -f &quot;D:/proj/cpp/StDownloader/libs/jsoncpp-0.7.0/Makefile&quot;  VERBOSE=1 &quot;$file&quot;" />
            <Clean command="G:/Qt/Qt5.2.0/Tools/mingw48_32/bin/mingw32-make.exe -f &quot;D:/proj/cpp/StDownloader/libs/jsoncpp-0.7.0/Makefile&quot;  VERBOSE=1 clean" />
            <DistClean command="G:/Qt/Qt5.2.0/Tools/mingw48_32/bin/mingw32-make.exe -f &quot;D:/proj/cpp/StDownloader/libs/jsoncpp-0.7.0/Makefile&quot;  VERBOSE=1 clean" />
         </MakeCommands>
      </Target>
      <Target title="list_install_components">
         <Option working_dir="D:/proj/cpp/StDownloader/libs/jsoncpp-0.7.0" />
         <Option type="4" />
         <MakeCommands>
            <Build command="G:/Qt/Qt5.2.0/Tools/mingw48_32/bin/mingw32-make.exe -f &quot;D:/proj/cpp/StDownloader/libs/jsoncpp-0.7.0/Makefile&quot;  VERBOSE=1 list_install_components" />
            <CompileFile command="G:/Qt/Qt5.2.0/Tools/mingw48_32/bin/mingw32-make.exe -f &quot;D:/proj/cpp/StDownloader/libs/jsoncpp-0.7.0/Makefile&quot;  VERBOSE=1 &quot;$file&quot;" />
            <Clean command="G:/Qt/Qt5.2.0/Tools/mingw48_32/bin/mingw32-make.exe -f &quot;D:/proj/cpp/StDownloader/libs/jsoncpp-0.7.0/Makefile&quot;  VERBOSE=1 clean" />
            <DistClean command="G:/Qt/Qt5.2.0/Tools/mingw48_32/bin/mingw32-make.exe -f &quot;D:/proj/cpp/StDownloader/libs/jsoncpp-0.7.0/Makefile&quot;  VERBOSE=1 clean" />
         </MakeCommands>
      </Target>
      <Target title="rebuild_cache">
         <Option working_dir="D:/proj/cpp/StDownloader/libs/jsoncpp-0.7.0" />
         <Option type="4" />
         <MakeCommands>
            <Build command="G:/Qt/Qt5.2.0/Tools/mingw48_32/bin/mingw32-make.exe -f &quot;D:/proj/cpp/StDownloader/libs/jsoncpp-0.7.0/Makefile&quot;  VERBOSE=1 rebuild_cache" />
            <CompileFile command="G:/Qt/Qt5.2.0/Tools/mingw48_32/bin/mingw32-make.exe -f &quot;D:/proj/cpp/StDownloader/libs/jsoncpp-0.7.0/Makefile&quot;  VERBOSE=1 &quot;$file&quot;" />
            <Clean command="G:/Qt/Qt5.2.0/Tools/mingw48_32/bin/mingw32-make.exe -f &quot;D:/proj/cpp/StDownloader/libs/jsoncpp-0.7.0/Makefile&quot;  VERBOSE=1 clean" />
            <DistClean command="G:/Qt/Qt5.2.0/Tools/mingw48_32/bin/mingw32-make.exe -f &quot;D:/proj/cpp/StDownloader/libs/jsoncpp-0.7.0/Makefile&quot;  VERBOSE=1 clean" />
         </MakeCommands>
      </Target>
      <Target title="test">
         <Option working_dir="D:/proj/cpp/StDownloader/libs/jsoncpp-0.7.0" />
         <Option type="4" />
         <MakeCommands>
            <Build command="G:/Qt/Qt5.2.0/Tools/mingw48_32/bin/mingw32-make.exe -f &quot;D:/proj/cpp/StDownloader/libs/jsoncpp-0.7.0/Makefile&quot;  VERBOSE=1 test" />
            <CompileFile command="G:/Qt/Qt5.2.0/Tools/mingw48_32/bin/mingw32-make.exe -f &quot;D:/proj/cpp/StDownloader/libs/jsoncpp-0.7.0/Makefile&quot;  VERBOSE=1 &quot;$file&quot;" />
            <Clean command="G:/Qt/Qt5.2.0/Tools/mingw48_32/bin/mingw32-make.exe -f &quot;D:/proj/cpp/StDownloader/libs/jsoncpp-0.7.0/Makefile&quot;  VERBOSE=1 clean" />
            <DistClean command="G:/Qt/Qt5.2.0/Tools/mingw48_32/bin/mingw32-make.exe -f &quot;D:/proj/cpp/StDownloader/libs/jsoncpp-0.7.0/Makefile&quot;  VERBOSE=1 clean" />
         </MakeCommands>
      </Target>
      <Target title="jsoncpp_lib">
         <Option output="D:/proj/cpp/StDownloader/libs/jsoncpp-0.7.0/lib/libjsoncpp.a" prefix_auto="0" extension_auto="0" />
         <Option working_dir="D:/proj/cpp/StDownloader/libs/jsoncpp-0.7.0/src/lib_json" />
         <Option object_output="./" />
         <Option type="2" />
         <Option compiler="gcc" />
         <Compiler>
            <Add directory="D:/proj/cpp/StDownloader/libs/jsoncpp-0.7.0/include" />
            <Add directory="g:\qt\qt5.2.0\tools\mingw48_32\bin\../lib/gcc/i686-w64-mingw32/4.8.0/../../../../i686-w64-mingw32/include" />
            <Add directory="g:\qt\qt5.2.0\tools\mingw48_32\bin\../lib/gcc/i686-w64-mingw32/4.8.0/include" />
            <Add directory="g:\qt\qt5.2.0\tools\mingw48_32\bin\../lib/gcc/i686-w64-mingw32/4.8.0/include-fixed" />
            <Add directory="g:\qt\qt5.2.0\tools\mingw48_32\bin\../lib/gcc/i686-w64-mingw32/4.8.0/include/c++" />
            <Add directory="g:\qt\qt5.2.0\tools\mingw48_32\bin\../lib/gcc/i686-w64-mingw32/4.8.0/include/c++/backward" />
            <Add directory="g:\qt\qt5.2.0\tools\mingw48_32\bin\../lib/gcc/i686-w64-mingw32/4.8.0/include/c++/i686-w64-mingw32" />
         </Compiler>
         <MakeCommands>
            <Build command="G:/Qt/Qt5.2.0/Tools/mingw48_32/bin/mingw32-make.exe -f &quot;D:/proj/cpp/StDownloader/libs/jsoncpp-0.7.0/src/lib_json/Makefile&quot;  VERBOSE=1 jsoncpp_lib" />
            <CompileFile command="G:/Qt/Qt5.2.0/Tools/mingw48_32/bin/mingw32-make.exe -f &quot;D:/proj/cpp/StDownloader/libs/jsoncpp-0.7.0/src/lib_json/Makefile&quot;  VERBOSE=1 &quot;$file&quot;" />
            <Clean command="G:/Qt/Qt5.2.0/Tools/mingw48_32/bin/mingw32-make.exe -f &quot;D:/proj/cpp/StDownloader/libs/jsoncpp-0.7.0/src/lib_json/Makefile&quot;  VERBOSE=1 clean" />
            <DistClean command="G:/Qt/Qt5.2.0/Tools/mingw48_32/bin/mingw32-make.exe -f &quot;D:/proj/cpp/StDownloader/libs/jsoncpp-0.7.0/src/lib_json/Makefile&quot;  VERBOSE=1 clean" />
         </MakeCommands>
      </Target>
      <Target title="jsoncpp_lib/fast">
         <Option output="D:/proj/cpp/StDownloader/libs/jsoncpp-0.7.0/lib/libjsoncpp.a" prefix_auto="0" extension_auto="0" />
         <Option working_dir="D:/proj/cpp/StDownloader/libs/jsoncpp-0.7.0/src/lib_json" />
         <Option object_output="./" />
         <Option type="2" />
         <Option compiler="gcc" />
         <Compiler>
            <Add directory="D:/proj/cpp/StDownloader/libs/jsoncpp-0.7.0/include" />
            <Add directory="g:\qt\qt5.2.0\tools\mingw48_32\bin\../lib/gcc/i686-w64-mingw32/4.8.0/../../../../i686-w64-mingw32/include" />
            <Add directory="g:\qt\qt5.2.0\tools\mingw48_32\bin\../lib/gcc/i686-w64-mingw32/4.8.0/include" />
            <Add directory="g:\qt\qt5.2.0\tools\mingw48_32\bin\../lib/gcc/i686-w64-mingw32/4.8.0/include-fixed" />
            <Add directory="g:\qt\qt5.2.0\tools\mingw48_32\bin\../lib/gcc/i686-w64-mingw32/4.8.0/include/c++" />
            <Add directory="g:\qt\qt5.2.0\tools\mingw48_32\bin\../lib/gcc/i686-w64-mingw32/4.8.0/include/c++/backward" />
            <Add directory="g:\qt\qt5.2.0\tools\mingw48_32\bin\../lib/gcc/i686-w64-mingw32/4.8.0/include/c++/i686-w64-mingw32" />
         </Compiler>
         <MakeCommands>
            <Build command="G:/Qt/Qt5.2.0/Tools/mingw48_32/bin/mingw32-make.exe -f &quot;D:/proj/cpp/StDownloader/libs/jsoncpp-0.7.0/src/lib_json/Makefile&quot;  VERBOSE=1 jsoncpp_lib/fast" />
            <CompileFile command="G:/Qt/Qt5.2.0/Tools/mingw48_32/bin/mingw32-make.exe -f &quot;D:/proj/cpp/StDownloader/libs/jsoncpp-0.7.0/src/lib_json/Makefile&quot;  VERBOSE=1 &quot;$file&quot;" />
            <Clean command="G:/Qt/Qt5.2.0/Tools/mingw48_32/bin/mingw32-make.exe -f &quot;D:/proj/cpp/StDownloader/libs/jsoncpp-0.7.0/src/lib_json/Makefile&quot;  VERBOSE=1 clean" />
            <DistClean command="G:/Qt/Qt5.2.0/Tools/mingw48_32/bin/mingw32-make.exe -f &quot;D:/proj/cpp/StDownloader/libs/jsoncpp-0.7.0/src/lib_json/Makefile&quot;  VERBOSE=1 clean" />
         </MakeCommands>
      </Target>
      <Target title="jsoncpp_check">
         <Option working_dir="D:/proj/cpp/StDownloader/libs/jsoncpp-0.7.0/src/jsontestrunner" />
         <Option type="4" />
         <MakeCommands>
            <Build command="G:/Qt/Qt5.2.0/Tools/mingw48_32/bin/mingw32-make.exe -f &quot;D:/proj/cpp/StDownloader/libs/jsoncpp-0.7.0/src/jsontestrunner/Makefile&quot;  VERBOSE=1 jsoncpp_check" />
            <CompileFile command="G:/Qt/Qt5.2.0/Tools/mingw48_32/bin/mingw32-make.exe -f &quot;D:/proj/cpp/StDownloader/libs/jsoncpp-0.7.0/src/jsontestrunner/Makefile&quot;  VERBOSE=1 &quot;$file&quot;" />
            <Clean command="G:/Qt/Qt5.2.0/Tools/mingw48_32/bin/mingw32-make.exe -f &quot;D:/proj/cpp/StDownloader/libs/jsoncpp-0.7.0/src/jsontestrunner/Makefile&quot;  VERBOSE=1 clean" />
            <DistClean command="G:/Qt/Qt5.2.0/Tools/mingw48_32/bin/mingw32-make.exe -f &quot;D:/proj/cpp/StDownloader/libs/jsoncpp-0.7.0/src/jsontestrunner/Makefile&quot;  VERBOSE=1 clean" />
         </MakeCommands>
      </Target>
      <Target title="jsoncpp_readerwriter_tests">
         <Option working_dir="D:/proj/cpp/StDownloader/libs/jsoncpp-0.7.0/src/jsontestrunner" />
         <Option type="4" />
         <MakeCommands>
            <Build command="G:/Qt/Qt5.2.0/Tools/mingw48_32/bin/mingw32-make.exe -f &quot;D:/proj/cpp/StDownloader/libs/jsoncpp-0.7.0/src/jsontestrunner/Makefile&quot;  VERBOSE=1 jsoncpp_readerwriter_tests" />
            <CompileFile command="G:/Qt/Qt5.2.0/Tools/mingw48_32/bin/mingw32-make.exe -f &quot;D:/proj/cpp/StDownloader/libs/jsoncpp-0.7.0/src/jsontestrunner/Makefile&quot;  VERBOSE=1 &quot;$file&quot;" />
            <Clean command="G:/Qt/Qt5.2.0/Tools/mingw48_32/bin/mingw32-make.exe -f &quot;D:/proj/cpp/StDownloader/libs/jsoncpp-0.7.0/src/jsontestrunner/Makefile&quot;  VERBOSE=1 clean" />
            <DistClean command="G:/Qt/Qt5.2.0/Tools/mingw48_32/bin/mingw32-make.exe -f &quot;D:/proj/cpp/StDownloader/libs/jsoncpp-0.7.0/src/jsontestrunner/Makefile&quot;  VERBOSE=1 clean" />
         </MakeCommands>
      </Target>
      <Target title="jsontestrunner_exe">
         <Option output="D:/proj/cpp/StDownloader/libs/jsoncpp-0.7.0/bin/jsontestrunner_exe.exe" prefix_auto="0" extension_auto="0" />
         <Option working_dir="D:/proj/cpp/StDownloader/libs/jsoncpp-0.7.0/bin" />
         <Option object_output="./" />
         <Option type="1" />
         <Option compiler="gcc" />
         <Compiler>
            <Add directory="D:/proj/cpp/StDownloader/libs/jsoncpp-0.7.0/include" />
            <Add directory="g:\qt\qt5.2.0\tools\mingw48_32\bin\../lib/gcc/i686-w64-mingw32/4.8.0/../../../../i686-w64-mingw32/include" />
            <Add directory="g:\qt\qt5.2.0\tools\mingw48_32\bin\../lib/gcc/i686-w64-mingw32/4.8.0/include" />
            <Add directory="g:\qt\qt5.2.0\tools\mingw48_32\bin\../lib/gcc/i686-w64-mingw32/4.8.0/include-fixed" />
            <Add directory="g:\qt\qt5.2.0\tools\mingw48_32\bin\../lib/gcc/i686-w64-mingw32/4.8.0/include/c++" />
            <Add directory="g:\qt\qt5.2.0\tools\mingw48_32\bin\../lib/gcc/i686-w64-mingw32/4.8.0/include/c++/backward" />
            <Add directory="g:\qt\qt5.2.0\tools\mingw48_32\bin\../lib/gcc/i686-w64-mingw32/4.8.0/include/c++/i686-w64-mingw32" />
         </Compiler>
         <MakeCommands>
            <Build command="G:/Qt/Qt5.2.0/Tools/mingw48_32/bin/mingw32-make.exe -f &quot;D:/proj/cpp/StDownloader/libs/jsoncpp-0.7.0/src/jsontestrunner/Makefile&quot;  VERBOSE=1 jsontestrunner_exe" />
            <CompileFile command="G:/Qt/Qt5.2.0/Tools/mingw48_32/bin/mingw32-make.exe -f &quot;D:/proj/cpp/StDownloader/libs/jsoncpp-0.7.0/src/jsontestrunner/Makefile&quot;  VERBOSE=1 &quot;$file&quot;" />
            <Clean command="G:/Qt/Qt5.2.0/Tools/mingw48_32/bin/mingw32-make.exe -f &quot;D:/proj/cpp/StDownloader/libs/jsoncpp-0.7.0/src/jsontestrunner/Makefile&quot;  VERBOSE=1 clean" />
            <DistClean command="G:/Qt/Qt5.2.0/Tools/mingw48_32/bin/mingw32-make.exe -f &quot;D:/proj/cpp/StDownloader/libs/jsoncpp-0.7.0/src/jsontestrunner/Makefile&quot;  VERBOSE=1 clean" />
         </MakeCommands>
      </Target>
      <Target title="jsontestrunner_exe/fast">
         <Option output="D:/proj/cpp/StDownloader/libs/jsoncpp-0.7.0/bin/jsontestrunner_exe.exe" prefix_auto="0" extension_auto="0" />
         <Option working_dir="D:/proj/cpp/StDownloader/libs/jsoncpp-0.7.0/bin" />
         <Option object_output="./" />
         <Option type="1" />
         <Option compiler="gcc" />
         <Compiler>
            <Add directory="D:/proj/cpp/StDownloader/libs/jsoncpp-0.7.0/include" />
            <Add directory="g:\qt\qt5.2.0\tools\mingw48_32\bin\../lib/gcc/i686-w64-mingw32/4.8.0/../../../../i686-w64-mingw32/include" />
            <Add directory="g:\qt\qt5.2.0\tools\mingw48_32\bin\../lib/gcc/i686-w64-mingw32/4.8.0/include" />
            <Add directory="g:\qt\qt5.2.0\tools\mingw48_32\bin\../lib/gcc/i686-w64-mingw32/4.8.0/include-fixed" />
            <Add directory="g:\qt\qt5.2.0\tools\mingw48_32\bin\../lib/gcc/i686-w64-mingw32/4.8.0/include/c++" />
            <Add directory="g:\qt\qt5.2.0\tools\mingw48_32\bin\../lib/gcc/i686-w64-mingw32/4.8.0/include/c++/backward" />
            <Add directory="g:\qt\qt5.2.0\tools\mingw48_32\bin\../lib/gcc/i686-w64-mingw32/4.8.0/include/c++/i686-w64-mingw32" />
         </Compiler>
         <MakeCommands>
            <Build command="G:/Qt/Qt5.2.0/Tools/mingw48_32/bin/mingw32-make.exe -f &quot;D:/proj/cpp/StDownloader/libs/jsoncpp-0.7.0/src/jsontestrunner/Makefile&quot;  VERBOSE=1 jsontestrunner_exe/fast" />
            <CompileFile command="G:/Qt/Qt5.2.0/Tools/mingw48_32/bin/mingw32-make.exe -f &quot;D:/proj/cpp/StDownloader/libs/jsoncpp-0.7.0/src/jsontestrunner/Makefile&quot;  VERBOSE=1 &quot;$file&quot;" />
            <Clean command="G:/Qt/Qt5.2.0/Tools/mingw48_32/bin/mingw32-make.exe -f &quot;D:/proj/cpp/StDownloader/libs/jsoncpp-0.7.0/src/jsontestrunner/Makefile&quot;  VERBOSE=1 clean" />
            <DistClean command="G:/Qt/Qt5.2.0/Tools/mingw48_32/bin/mingw32-make.exe -f &quot;D:/proj/cpp/StDownloader/libs/jsoncpp-0.7.0/src/jsontestrunner/Makefile&quot;  VERBOSE=1 clean" />
         </MakeCommands>
      </Target>
      <Target title="jsoncpp_test">
         <Option output="D:/proj/cpp/StDownloader/libs/jsoncpp-0.7.0/bin/jsoncpp_test.exe" prefix_auto="0" extension_auto="0" />
         <Option working_dir="D:/proj/cpp/StDownloader/libs/jsoncpp-0.7.0/bin" />
         <Option object_output="./" />
         <Option type="1" />
         <Option compiler="gcc" />
         <Compiler>
            <Add directory="D:/proj/cpp/StDownloader/libs/jsoncpp-0.7.0/include" />
            <Add directory="g:\qt\qt5.2.0\tools\mingw48_32\bin\../lib/gcc/i686-w64-mingw32/4.8.0/../../../../i686-w64-mingw32/include" />
            <Add directory="g:\qt\qt5.2.0\tools\mingw48_32\bin\../lib/gcc/i686-w64-mingw32/4.8.0/include" />
            <Add directory="g:\qt\qt5.2.0\tools\mingw48_32\bin\../lib/gcc/i686-w64-mingw32/4.8.0/include-fixed" />
            <Add directory="g:\qt\qt5.2.0\tools\mingw48_32\bin\../lib/gcc/i686-w64-mingw32/4.8.0/include/c++" />
            <Add directory="g:\qt\qt5.2.0\tools\mingw48_32\bin\../lib/gcc/i686-w64-mingw32/4.8.0/include/c++/backward" />
            <Add directory="g:\qt\qt5.2.0\tools\mingw48_32\bin\../lib/gcc/i686-w64-mingw32/4.8.0/include/c++/i686-w64-mingw32" />
         </Compiler>
         <MakeCommands>
            <Build command="G:/Qt/Qt5.2.0/Tools/mingw48_32/bin/mingw32-make.exe -f &quot;D:/proj/cpp/StDownloader/libs/jsoncpp-0.7.0/src/test_lib_json/Makefile&quot;  VERBOSE=1 jsoncpp_test" />
            <CompileFile command="G:/Qt/Qt5.2.0/Tools/mingw48_32/bin/mingw32-make.exe -f &quot;D:/proj/cpp/StDownloader/libs/jsoncpp-0.7.0/src/test_lib_json/Makefile&quot;  VERBOSE=1 &quot;$file&quot;" />
            <Clean command="G:/Qt/Qt5.2.0/Tools/mingw48_32/bin/mingw32-make.exe -f &quot;D:/proj/cpp/StDownloader/libs/jsoncpp-0.7.0/src/test_lib_json/Makefile&quot;  VERBOSE=1 clean" />
            <DistClean command="G:/Qt/Qt5.2.0/Tools/mingw48_32/bin/mingw32-make.exe -f &quot;D:/proj/cpp/StDownloader/libs/jsoncpp-0.7.0/src/test_lib_json/Makefile&quot;  VERBOSE=1 clean" />
         </MakeCommands>
      </Target>
      <Target title="jsoncpp_test/fast">
         <Option output="D:/proj/cpp/StDownloader/libs/jsoncpp-0.7.0/bin/jsoncpp_test.exe" prefix_auto="0" extension_auto="0" />
         <Option working_dir="D:/proj/cpp/StDownloader/libs/jsoncpp-0.7.0/bin" />
         <Option object_output="./" />
         <Option type="1" />
         <Option compiler="gcc" />
         <Compiler>
            <Add directory="D:/proj/cpp/StDownloader/libs/jsoncpp-0.7.0/include" />
            <Add directory="g:\qt\qt5.2.0\tools\mingw48_32\bin\../lib/gcc/i686-w64-mingw32/4.8.0/../../../../i686-w64-mingw32/include" />
            <Add directory="g:\qt\qt5.2.0\tools\mingw48_32\bin\../lib/gcc/i686-w64-mingw32/4.8.0/include" />
            <Add directory="g:\qt\qt5.2.0\tools\mingw48_32\bin\../lib/gcc/i686-w64-mingw32/4.8.0/include-fixed" />
            <Add directory="g:\qt\qt5.2.0\tools\mingw48_32\bin\../lib/gcc/i686-w64-mingw32/4.8.0/include/c++" />
            <Add directory="g:\qt\qt5.2.0\tools\mingw48_32\bin\../lib/gcc/i686-w64-mingw32/4.8.0/include/c++/backward" />
            <Add directory="g:\qt\qt5.2.0\tools\mingw48_32\bin\../lib/gcc/i686-w64-mingw32/4.8.0/include/c++/i686-w64-mingw32" />
         </Compiler>
         <MakeCommands>
            <Build command="G:/Qt/Qt5.2.0/Tools/mingw48_32/bin/mingw32-make.exe -f &quot;D:/proj/cpp/StDownloader/libs/jsoncpp-0.7.0/src/test_lib_json/Makefile&quot;  VERBOSE=1 jsoncpp_test/fast" />
            <CompileFile command="G:/Qt/Qt5.2.0/Tools/mingw48_32/bin/mingw32-make.exe -f &quot;D:/proj/cpp/StDownloader/libs/jsoncpp-0.7.0/src/test_lib_json/Makefile&quot;  VERBOSE=1 &quot;$file&quot;" />
            <Clean command="G:/Qt/Qt5.2.0/Tools/mingw48_32/bin/mingw32-make.exe -f &quot;D:/proj/cpp/StDownloader/libs/jsoncpp-0.7.0/src/test_lib_json/Makefile&quot;  VERBOSE=1 clean" />
            <DistClean command="G:/Qt/Qt5.2.0/Tools/mingw48_32/bin/mingw32-make.exe -f &quot;D:/proj/cpp/StDownloader/libs/jsoncpp-0.7.0/src/test_lib_json/Makefile&quot;  VERBOSE=1 clean" />
         </MakeCommands>
      </Target>
      </Build>
      <Unit filename="D:/proj/cpp/StDownloader/libs/jsoncpp-0.7.0/src/jsontestrunner/main.cpp">
      </Unit>
      <Unit filename="D:/proj/cpp/StDownloader/libs/jsoncpp-0.7.0/src/lib_json/json_reader.cpp">
      </Unit>
      <Unit filename="D:/proj/cpp/StDownloader/libs/jsoncpp-0.7.0/src/lib_json/json_value.cpp">
      </Unit>
      <Unit filename="D:/proj/cpp/StDownloader/libs/jsoncpp-0.7.0/src/lib_json/json_writer.cpp">
      </Unit>
      <Unit filename="D:/proj/cpp/StDownloader/libs/jsoncpp-0.7.0/src/test_lib_json/jsontest.cpp">
      </Unit>
      <Unit filename="D:/proj/cpp/StDownloader/libs/jsoncpp-0.7.0/src/test_lib_json/main.cpp">
      </Unit>
      <Unit filename="D:/proj/cpp/StDownloader/libs/jsoncpp-0.7.0/include/json/assertions.h">
      </Unit>
      <Unit filename="D:/proj/cpp/StDownloader/libs/jsoncpp-0.7.0/include/json/config.h">
      </Unit>
      <Unit filename="D:/proj/cpp/StDownloader/libs/jsoncpp-0.7.0/include/json/features.h">
      </Unit>
      <Unit filename="D:/proj/cpp/StDownloader/libs/jsoncpp-0.7.0/include/json/forwards.h">
      </Unit>
      <Unit filename="D:/proj/cpp/StDownloader/libs/jsoncpp-0.7.0/include/json/reader.h">
      </Unit>
      <Unit filename="D:/proj/cpp/StDownloader/libs/jsoncpp-0.7.0/include/json/value.h">
      </Unit>
      <Unit filename="D:/proj/cpp/StDownloader/libs/jsoncpp-0.7.0/include/json/version.h">
      </Unit>
      <Unit filename="D:/proj/cpp/StDownloader/libs/jsoncpp-0.7.0/include/json/writer.h">
      </Unit>
      <Unit filename="D:/proj/cpp/StDownloader/libs/jsoncpp-0.7.0/src/lib_json/json_batchallocator.h">
      </Unit>
      <Unit filename="D:/proj/cpp/StDownloader/libs/jsoncpp-0.7.0/src/lib_json/json_tool.h">
      </Unit>
      <Unit filename="D:/proj/cpp/StDownloader/libs/jsoncpp-0.7.0/src/lib_json/json_valueiterator.inl">
      </Unit>
      <Unit filename="D:/proj/cpp/StDownloader/libs/jsoncpp-0.7.0/src/lib_json/version.h.in">
      </Unit>
      <Unit filename="D:/proj/cpp/StDownloader/libs/jsoncpp-0.7.0/src/test_lib_json/jsontest.h">
      </Unit>
      <Unit filename="D:/proj/cpp/StDownloader/libs/jsoncpp-0.7.0/CMakeLists.txt">
          <Option virtualFolder="CMake Files\" />
      </Unit>
      <Unit filename="D:/proj/cpp/StDownloader/libs/jsoncpp-0.7.0/src/CMakeLists.txt">
          <Option virtualFolder="CMake Files\src\" />
      </Unit>
      <Unit filename="D:/proj/cpp/StDownloader/libs/jsoncpp-0.7.0/src/lib_json/version.h.in">
          <Option virtualFolder="CMake Files\src\lib_json\" />
      </Unit>
      <Unit filename="D:/proj/cpp/StDownloader/libs/jsoncpp-0.7.0/src/lib_json/CMakeLists.txt">
          <Option virtualFolder="CMake Files\src\lib_json\" />
      </Unit>
      <Unit filename="D:/proj/cpp/StDownloader/libs/jsoncpp-0.7.0/src/jsontestrunner/CMakeLists.txt">
          <Option virtualFolder="CMake Files\src\jsontestrunner\" />
      </Unit>
      <Unit filename="D:/proj/cpp/StDownloader/libs/jsoncpp-0.7.0/src/test_lib_json/CMakeLists.txt">
          <Option virtualFolder="CMake Files\src\test_lib_json\" />
      </Unit>
      <Unit filename="D:/proj/cpp/StDownloader/libs/jsoncpp-0.7.0/pkg-config/jsoncpp.pc.in">
          <Option virtualFolder="CMake Files\pkg-config\" />
      </Unit>
      <Unit filename="D:/proj/cpp/StDownloader/libs/jsoncpp-0.7.0/include/CMakeLists.txt">
          <Option virtualFolder="CMake Files\include\" />
      </Unit>
   </Project>
</CodeBlocks_project_file>
